// !$*UTF8*$!
{
	archiveVersion = 1;
	classes = {
	};
	objectVersion = 46;
	objects = {

/* Begin PBXBuildFile section */
		2B4046FF1176D49BA3366E3D /* libPods-MiYo.a in Frameworks */ = {isa = PBXBuildFile; fileRef = AFC04742678FCF017A8421A7 /* libPods-MiYo.a */; };
		3D153D151CBDE6F6006A5313 /* UploadImageRequest.m in Sources */ = {isa = PBXBuildFile; fileRef = 3D153D141CBDE6F6006A5313 /* UploadImageRequest.m */; };
		3D153D181CBDF0DE006A5313 /* UIImage+ResizeMagick.m in Sources */ = {isa = PBXBuildFile; fileRef = 3D153D161CBDF0DE006A5313 /* UIImage+ResizeMagick.m */; };
		3D153D1B1CBDF7E0006A5313 /* ModifyInformationRequest.m in Sources */ = {isa = PBXBuildFile; fileRef = 3D153D1A1CBDF7E0006A5313 /* ModifyInformationRequest.m */; };
		3D153D1E1CBE111B006A5313 /* FindPasswordViewController.m in Sources */ = {isa = PBXBuildFile; fileRef = 3D153D1D1CBE111B006A5313 /* FindPasswordViewController.m */; };
		3D153D211CBE1710006A5313 /* FindPasswordRequest.m in Sources */ = {isa = PBXBuildFile; fileRef = 3D153D201CBE1710006A5313 /* FindPasswordRequest.m */; };
		3D153D321CBE193A006A5313 /* MBProgressHUD+Add.m in Sources */ = {isa = PBXBuildFile; fileRef = 3D153D241CBE193A006A5313 /* MBProgressHUD+Add.m */; };
		3D153D331CBE193A006A5313 /* MJPhoto.m in Sources */ = {isa = PBXBuildFile; fileRef = 3D153D261CBE193A006A5313 /* MJPhoto.m */; };
		3D153D341CBE193A006A5313 /* MJPhotoBrowser.bundle in Resources */ = {isa = PBXBuildFile; fileRef = 3D153D271CBE193A006A5313 /* MJPhotoBrowser.bundle */; };
		3D153D351CBE193A006A5313 /* MJPhotoBrowser.m in Sources */ = {isa = PBXBuildFile; fileRef = 3D153D291CBE193A006A5313 /* MJPhotoBrowser.m */; };
		3D153D361CBE193A006A5313 /* MJPhotoLoadingView.m in Sources */ = {isa = PBXBuildFile; fileRef = 3D153D2B1CBE193A006A5313 /* MJPhotoLoadingView.m */; };
		3D153D371CBE193A006A5313 /* MJPhotoProgressView.m in Sources */ = {isa = PBXBuildFile; fileRef = 3D153D2D1CBE193A006A5313 /* MJPhotoProgressView.m */; };
		3D153D381CBE193A006A5313 /* MJPhotoToolbar.m in Sources */ = {isa = PBXBuildFile; fileRef = 3D153D2F1CBE193A006A5313 /* MJPhotoToolbar.m */; };
		3D153D391CBE193A006A5313 /* MJPhotoView.m in Sources */ = {isa = PBXBuildFile; fileRef = 3D153D311CBE193A006A5313 /* MJPhotoView.m */; };
		3D153D3C1CBE23F0006A5313 /* HousingFacilitiesViewController.m in Sources */ = {isa = PBXBuildFile; fileRef = 3D153D3B1CBE23F0006A5313 /* HousingFacilitiesViewController.m */; };
		3D153D3F1CBF2F92006A5313 /* HousingAddressAndPriceViewController.m in Sources */ = {isa = PBXBuildFile; fileRef = 3D153D3E1CBF2F92006A5313 /* HousingAddressAndPriceViewController.m */; };
		3D153D451CBF3FA4006A5313 /* HousingAddressChooseViewController.m in Sources */ = {isa = PBXBuildFile; fileRef = 3D153D441CBF3FA4006A5313 /* HousingAddressChooseViewController.m */; };
		3D153D4A1CBF665B006A5313 /* HousingPictureAndContentViewController.m in Sources */ = {isa = PBXBuildFile; fileRef = 3D153D491CBF665B006A5313 /* HousingPictureAndContentViewController.m */; };
		3D38FE8A1CBCE8BB001AF04F /* XLBlockActionSheet.m in Sources */ = {isa = PBXBuildFile; fileRef = 3D38FE891CBCE8BB001AF04F /* XLBlockActionSheet.m */; };
		3D38FE911CBCF533001AF04F /* AreaObject.m in Sources */ = {isa = PBXBuildFile; fileRef = 3D38FE8D1CBCF533001AF04F /* AreaObject.m */; };
		3D38FE921CBCF533001AF04F /* AddressChoicePickerView.m in Sources */ = {isa = PBXBuildFile; fileRef = 3D38FE8F1CBCF533001AF04F /* AddressChoicePickerView.m */; };
		3D38FE931CBCF533001AF04F /* AddressChoicePickerView.xib in Resources */ = {isa = PBXBuildFile; fileRef = 3D38FE901CBCF533001AF04F /* AddressChoicePickerView.xib */; };
		3D38FE951CBCF547001AF04F /* AreaPlist.plist in Resources */ = {isa = PBXBuildFile; fileRef = 3D38FE941CBCF547001AF04F /* AreaPlist.plist */; };
		3D4C1D021CC08B6E00EF15B3 /* HousingTitleCell.m in Sources */ = {isa = PBXBuildFile; fileRef = 3D4C1D011CC08B6E00EF15B3 /* HousingTitleCell.m */; };
		3D4C1D051CC08BB200EF15B3 /* HousingSituationCell.m in Sources */ = {isa = PBXBuildFile; fileRef = 3D4C1D041CC08BB200EF15B3 /* HousingSituationCell.m */; };
		3D4C1D081CC08BDB00EF15B3 /* HousingFacilityCell.m in Sources */ = {isa = PBXBuildFile; fileRef = 3D4C1D071CC08BDB00EF15B3 /* HousingFacilityCell.m */; };
		3D4C1D0C1CC097C900EF15B3 /* FetchHousingDetailRequest.m in Sources */ = {isa = PBXBuildFile; fileRef = 3D4C1D0B1CC097C900EF15B3 /* FetchHousingDetailRequest.m */; };
		3D4C1D0F1CC0DD8100EF15B3 /* MyHousingViewController.m in Sources */ = {isa = PBXBuildFile; fileRef = 3D4C1D0E1CC0DD8100EF15B3 /* MyHousingViewController.m */; };
		3D4C1D131CC0E29300EF15B3 /* MyHousingCell.m in Sources */ = {isa = PBXBuildFile; fileRef = 3D4C1D121CC0E29300EF15B3 /* MyHousingCell.m */; };
		3D4C1D171CC46DB000EF15B3 /* FetchUnreadMessageQualityRequest.m in Sources */ = {isa = PBXBuildFile; fileRef = 3D4C1D161CC46DB000EF15B3 /* FetchUnreadMessageQualityRequest.m */; };
		3D4C1D1B1CC4706500EF15B3 /* MessageModel.m in Sources */ = {isa = PBXBuildFile; fileRef = 3D4C1D1A1CC4706500EF15B3 /* MessageModel.m */; };
		3D4C1D1E1CC486BA00EF15B3 /* FetchMessageListRequest.m in Sources */ = {isa = PBXBuildFile; fileRef = 3D4C1D1D1CC486BA00EF15B3 /* FetchMessageListRequest.m */; };
		3D4C1D211CC4AAC500EF15B3 /* IndexReulstModel.m in Sources */ = {isa = PBXBuildFile; fileRef = 3D4C1D201CC4AAC500EF15B3 /* IndexReulstModel.m */; };
		3D4C1D281CC4BDE400EF15B3 /* SearchViewController.m in Sources */ = {isa = PBXBuildFile; fileRef = 3D4C1D271CC4BDE400EF15B3 /* SearchViewController.m */; };
		3D4C1D2A1CC4BDF400EF15B3 /* Search.storyboard in Resources */ = {isa = PBXBuildFile; fileRef = 3D4C1D291CC4BDF400EF15B3 /* Search.storyboard */; };
		3D712B361C9A7CC800687ED9 /* MainViewController.m in Sources */ = {isa = PBXBuildFile; fileRef = 3D712B321C9A7CC800687ED9 /* MainViewController.m */; };
		3D712B3D1C9A7DB200687ED9 /* Collection.storyboard in Resources */ = {isa = PBXBuildFile; fileRef = 3D712B3C1C9A7DB200687ED9 /* Collection.storyboard */; };
		3D712B3F1C9A7DBF00687ED9 /* Message.storyboard in Resources */ = {isa = PBXBuildFile; fileRef = 3D712B3E1C9A7DBF00687ED9 /* Message.storyboard */; };
		3D712B411C9A7DD700687ED9 /* Personal.storyboard in Resources */ = {isa = PBXBuildFile; fileRef = 3D712B401C9A7DD700687ED9 /* Personal.storyboard */; };
		3D712B431C9A7DE400687ED9 /* Homepage.storyboard in Resources */ = {isa = PBXBuildFile; fileRef = 3D712B421C9A7DE400687ED9 /* Homepage.storyboard */; };
		3D712B461C9A7F5900687ED9 /* CollectionViewController.m in Sources */ = {isa = PBXBuildFile; fileRef = 3D712B451C9A7F5900687ED9 /* CollectionViewController.m */; };
		3D712B491C9A7F6E00687ED9 /* HomepageViewController.m in Sources */ = {isa = PBXBuildFile; fileRef = 3D712B481C9A7F6E00687ED9 /* HomepageViewController.m */; };
		3D712B4C1C9A7F7900687ED9 /* MessageViewController.m in Sources */ = {isa = PBXBuildFile; fileRef = 3D712B4B1C9A7F7900687ED9 /* MessageViewController.m */; };
		3D712B4F1C9A7F8B00687ED9 /* PersonalViewController.m in Sources */ = {isa = PBXBuildFile; fileRef = 3D712B4E1C9A7F8B00687ED9 /* PersonalViewController.m */; };
		3D712B531C9A8BD500687ED9 /* RequestManager.m in Sources */ = {isa = PBXBuildFile; fileRef = 3D712B521C9A8BD500687ED9 /* RequestManager.m */; };
		3D712B561C9A8E7100687ED9 /* RequestCacher.m in Sources */ = {isa = PBXBuildFile; fileRef = 3D712B551C9A8E7100687ED9 /* RequestCacher.m */; };
		3D712B591C9A8EA200687ED9 /* BaseRequest.m in Sources */ = {isa = PBXBuildFile; fileRef = 3D712B581C9A8EA200687ED9 /* BaseRequest.m */; };
		3D712B611C9BAEE600687ED9 /* Login.storyboard in Resources */ = {isa = PBXBuildFile; fileRef = 3D712B601C9BAEE600687ED9 /* Login.storyboard */; };
		3D712B641C9BFF7300687ED9 /* LoginViewController.m in Sources */ = {isa = PBXBuildFile; fileRef = 3D712B631C9BFF7300687ED9 /* LoginViewController.m */; };
		3D712B671C9BFF8C00687ED9 /* RegisterViewController.m in Sources */ = {isa = PBXBuildFile; fileRef = 3D712B661C9BFF8C00687ED9 /* RegisterViewController.m */; };
		3D712B6A1C9C3A7400687ED9 /* CommonsDefines.m in Sources */ = {isa = PBXBuildFile; fileRef = 3D712B691C9C3A7400687ED9 /* CommonsDefines.m */; };
		3D712B7C1C9DBBF000687ED9 /* LoginRequest.m in Sources */ = {isa = PBXBuildFile; fileRef = 3D712B7B1C9DBBF000687ED9 /* LoginRequest.m */; };
		3D712B851C9E66CB00687ED9 /* XLNoticeHelper.m in Sources */ = {isa = PBXBuildFile; fileRef = 3D712B841C9E66CB00687ED9 /* XLNoticeHelper.m */; };
		3D712B891C9FA82200687ED9 /* RegisterRequest.m in Sources */ = {isa = PBXBuildFile; fileRef = 3D712B881C9FA82200687ED9 /* RegisterRequest.m */; };
		3D712B8C1C9FACD900687ED9 /* Util.m in Sources */ = {isa = PBXBuildFile; fileRef = 3D712B8B1C9FACD900687ED9 /* Util.m */; };
		3D712B8F1CA03D3F00687ED9 /* GetCodeRequest.m in Sources */ = {isa = PBXBuildFile; fileRef = 3D712B8E1CA03D3F00687ED9 /* GetCodeRequest.m */; };
		3D712B981CA1A6E600687ED9 /* Main.storyboard in Resources */ = {isa = PBXBuildFile; fileRef = 3D712B971CA1A6E600687ED9 /* Main.storyboard */; };
		3D712BE01CA1AE4900687ED9 /* XZMTabbarExtension.m in Sources */ = {isa = PBXBuildFile; fileRef = 3D712BDF1CA1AE4900687ED9 /* XZMTabbarExtension.m */; };
		3D846D261CCDA48100FC7F7D /* FetchMessageDetailRequest.m in Sources */ = {isa = PBXBuildFile; fileRef = 3D846D251CCDA48100FC7F7D /* FetchMessageDetailRequest.m */; };
		3D846D291CCDA66F00FC7F7D /* MessageDeleteRequest.m in Sources */ = {isa = PBXBuildFile; fileRef = 3D846D281CCDA66F00FC7F7D /* MessageDeleteRequest.m */; };
		3D846D2B1CCDB1AD00FC7F7D /* area.plist in Resources */ = {isa = PBXBuildFile; fileRef = 3D846D2A1CCDB1AD00FC7F7D /* area.plist */; };
		3D846D301CCDEABC00FC7F7D /* AreaPickerView.m in Sources */ = {isa = PBXBuildFile; fileRef = 3D846D2F1CCDEABC00FC7F7D /* AreaPickerView.m */; };
		3D846D341CCDED0000FC7F7D /* AreaPickerView.xib in Resources */ = {isa = PBXBuildFile; fileRef = 3D846D331CCDED0000FC7F7D /* AreaPickerView.xib */; };
		3D9162A11CBC85A30032A28C /* BaseModel.m in Sources */ = {isa = PBXBuildFile; fileRef = 3D91629A1CBC85A30032A28C /* BaseModel.m */; };
		3D9162A21CBC85A30032A28C /* HousingModel.m in Sources */ = {isa = PBXBuildFile; fileRef = 3D91629D1CBC85A30032A28C /* HousingModel.m */; };
		3D9162A31CBC85A30032A28C /* LoginModel.m in Sources */ = {isa = PBXBuildFile; fileRef = 3D9162A01CBC85A30032A28C /* LoginModel.m */; };
		3D9162A71CBC85EF0032A28C /* PersonalModel.m in Sources */ = {isa = PBXBuildFile; fileRef = 3D9162A61CBC85EF0032A28C /* PersonalModel.m */; };
		3D9162AB1CBC8AFF0032A28C /* FetchUserInformationRequest.m in Sources */ = {isa = PBXBuildFile; fileRef = 3D9162AA1CBC8AFF0032A28C /* FetchUserInformationRequest.m */; };
		3DC334261CD2EE28007E483A /* FetchRecommendedHousingRequest.m in Sources */ = {isa = PBXBuildFile; fileRef = 3DC334251CD2EE28007E483A /* FetchRecommendedHousingRequest.m */; };
		3DC334291CD2F892007E483A /* FetchMyHousingRequest.m in Sources */ = {isa = PBXBuildFile; fileRef = 3DC334281CD2F892007E483A /* FetchMyHousingRequest.m */; };
		3DC7DC4A1CAE19D900D483B4 /* HousingResourceCell.m in Sources */ = {isa = PBXBuildFile; fileRef = 3DC7DC491CAE19D900D483B4 /* HousingResourceCell.m */; };
		3DC7DC591CB0E0AD00D483B4 /* HousingDetailViewController.m in Sources */ = {isa = PBXBuildFile; fileRef = 3DC7DC581CB0E0AD00D483B4 /* HousingDetailViewController.m */; };
		3DC7DC5C1CB4D17A00D483B4 /* SettingViewController.m in Sources */ = {isa = PBXBuildFile; fileRef = 3DC7DC5B1CB4D17A00D483B4 /* SettingViewController.m */; };
		3DC7DC5F1CB4E9E100D483B4 /* XLBlockAlertView.m in Sources */ = {isa = PBXBuildFile; fileRef = 3DC7DC5E1CB4E9E100D483B4 /* XLBlockAlertView.m */; };
		3DC7DC621CB4F45400D483B4 /* FeedbackViewController.m in Sources */ = {isa = PBXBuildFile; fileRef = 3DC7DC611CB4F45400D483B4 /* FeedbackViewController.m */; };
		3DC7DC651CB75A2F00D483B4 /* InformationEditViewController.m in Sources */ = {isa = PBXBuildFile; fileRef = 3DC7DC641CB75A2F00D483B4 /* InformationEditViewController.m */; };
		3DC7DC691CB8C1EC00D483B4 /* SystemMessageCell.m in Sources */ = {isa = PBXBuildFile; fileRef = 3DC7DC681CB8C1EC00D483B4 /* SystemMessageCell.m */; };
		3DC7DC6D1CBA255E00D483B4 /* ChooseHousingTypeViewController.m in Sources */ = {isa = PBXBuildFile; fileRef = 3DC7DC6C1CBA255E00D483B4 /* ChooseHousingTypeViewController.m */; };
		3DC7DC701CBA383B00D483B4 /* FixHousingStyleViewController.m in Sources */ = {isa = PBXBuildFile; fileRef = 3DC7DC6F1CBA383B00D483B4 /* FixHousingStyleViewController.m */; };
		3DDA2B6F1CD0AB8500EB581F /* MessageDetailViewController.m in Sources */ = {isa = PBXBuildFile; fileRef = 3DDA2B6E1CD0AB8500EB581F /* MessageDetailViewController.m */; };
		3DDD8BAB1C99258100C7296A /* main.m in Sources */ = {isa = PBXBuildFile; fileRef = 3DDD8BAA1C99258100C7296A /* main.m */; };
		3DDD8BAE1C99258100C7296A /* AppDelegate.m in Sources */ = {isa = PBXBuildFile; fileRef = 3DDD8BAD1C99258100C7296A /* AppDelegate.m */; };
		3DDD8BB61C99258100C7296A /* Assets.xcassets in Resources */ = {isa = PBXBuildFile; fileRef = 3DDD8BB51C99258100C7296A /* Assets.xcassets */; };
		3DDD8BC41C99258100C7296A /* MiYoTests.m in Sources */ = {isa = PBXBuildFile; fileRef = 3DDD8BC31C99258100C7296A /* MiYoTests.m */; };
		3DDD8BCF1C99258200C7296A /* MiYoUITests.m in Sources */ = {isa = PBXBuildFile; fileRef = 3DDD8BCE1C99258200C7296A /* MiYoUITests.m */; };
		3DED4FC01CD35CDE00B368C3 /* FetchHousingImagesRequest.m in Sources */ = {isa = PBXBuildFile; fileRef = 3DED4FBF1CD35CDE00B368C3 /* FetchHousingImagesRequest.m */; };
		3DED4FC31CD44D9C00B368C3 /* FeedbackRequest.m in Sources */ = {isa = PBXBuildFile; fileRef = 3DED4FC21CD44D9C00B368C3 /* FeedbackRequest.m */; };
		3DED4FC61CD479D700B368C3 /* HousingDeleteRequest.m in Sources */ = {isa = PBXBuildFile; fileRef = 3DED4FC51CD479D700B368C3 /* HousingDeleteRequest.m */; };
		3DED4FC91CD4810200B368C3 /* HousingCollectRequest.m in Sources */ = {isa = PBXBuildFile; fileRef = 3DED4FC81CD4810200B368C3 /* HousingCollectRequest.m */; };
		3DED4FCC1CD4815E00B368C3 /* HousingCancelCollectRequest.m in Sources */ = {isa = PBXBuildFile; fileRef = 3DED4FCB1CD4815E00B368C3 /* HousingCancelCollectRequest.m */; };
		3DED4FCF1CD4877E00B368C3 /* FetchMyCollectionRequest.m in Sources */ = {isa = PBXBuildFile; fileRef = 3DED4FCE1CD4877E00B368C3 /* FetchMyCollectionRequest.m */; };
		3DED4FD21CD4F78700B368C3 /* MatchingViewController.m in Sources */ = {isa = PBXBuildFile; fileRef = 3DED4FD11CD4F78700B368C3 /* MatchingViewController.m */; };
		3DED4FD51CD75CAD00B368C3 /* SearchHousingRequest.m in Sources */ = {isa = PBXBuildFile; fileRef = 3DED4FD41CD75CAD00B368C3 /* SearchHousingRequest.m */; };
		3DED4FD81CD7648900B368C3 /* SearchResultCell.m in Sources */ = {isa = PBXBuildFile; fileRef = 3DED4FD71CD7648900B368C3 /* SearchResultCell.m */; };
		3DED4FDC1CD8710D00B368C3 /* RBColorTool.m in Sources */ = {isa = PBXBuildFile; fileRef = 3DED4FDA1CD8710D00B368C3 /* RBColorTool.m */; };
		3DED4FDF1CD8881C00B368C3 /* MatchRequest.m in Sources */ = {isa = PBXBuildFile; fileRef = 3DED4FDE1CD8881C00B368C3 /* MatchRequest.m */; };
		3DED4FE21CD88A2000B368C3 /* UserModel.m in Sources */ = {isa = PBXBuildFile; fileRef = 3DED4FE11CD88A2000B368C3 /* UserModel.m */; };
		3DED4FE51CD88C6500B368C3 /* FetchUserCardRequest.m in Sources */ = {isa = PBXBuildFile; fileRef = 3DED4FE41CD88C6500B368C3 /* FetchUserCardRequest.m */; };
		3DED4FE81CD88F5F00B368C3 /* MatchResultViewController.m in Sources */ = {isa = PBXBuildFile; fileRef = 3DED4FE71CD88F5F00B368C3 /* MatchResultViewController.m */; };
		3DED4FEB1CD8939900B368C3 /* MatchResultCell.m in Sources */ = {isa = PBXBuildFile; fileRef = 3DED4FEA1CD8939900B368C3 /* MatchResultCell.m */; };
		3DED4FEE1CD8A0D300B368C3 /* SendHousingRequest.m in Sources */ = {isa = PBXBuildFile; fileRef = 3DED4FED1CD8A0D300B368C3 /* SendHousingRequest.m */; };
		3DED4FF11CD995DF00B368C3 /* UserCardViewController.m in Sources */ = {isa = PBXBuildFile; fileRef = 3DED4FF01CD995DF00B368C3 /* UserCardViewController.m */; };
		3DED4FF41CD9DB5500B368C3 /* InviteRequest.m in Sources */ = {isa = PBXBuildFile; fileRef = 3DED4FF31CD9DB5500B368C3 /* InviteRequest.m */; };
		3DED4FF71CD9DF6000B368C3 /* FetchBannerContentRequest.m in Sources */ = {isa = PBXBuildFile; fileRef = 3DED4FF61CD9DF6000B368C3 /* FetchBannerContentRequest.m */; };
		3DEE325E1CCF690000B1F1A0 /* HousingExpectationsViewController.m in Sources */ = {isa = PBXBuildFile; fileRef = 3DEE325D1CCF690000B1F1A0 /* HousingExpectationsViewController.m */; };
/* End PBXBuildFile section */

/* Begin PBXContainerItemProxy section */
		3DDD8BC01C99258100C7296A /* PBXContainerItemProxy */ = {
			isa = PBXContainerItemProxy;
			containerPortal = 3DDD8B9E1C99258100C7296A /* Project object */;
			proxyType = 1;
			remoteGlobalIDString = 3DDD8BA51C99258100C7296A;
			remoteInfo = MiYo;
		};
		3DDD8BCB1C99258200C7296A /* PBXContainerItemProxy */ = {
			isa = PBXContainerItemProxy;
			containerPortal = 3DDD8B9E1C99258100C7296A /* Project object */;
			proxyType = 1;
			remoteGlobalIDString = 3DDD8BA51C99258100C7296A;
			remoteInfo = MiYo;
		};
/* End PBXContainerItemProxy section */

/* Begin PBXFileReference section */
		0A85385FF1E9EE51935FA343 /* Pods-MiYo.debug.xcconfig */ = {isa = PBXFileReference; includeInIndex = 1; lastKnownFileType = text.xcconfig; name = "Pods-MiYo.debug.xcconfig"; path = "Pods/Target Support Files/Pods-MiYo/Pods-MiYo.debug.xcconfig"; sourceTree = "<group>"; };
		3D153D131CBDE6F6006A5313 /* UploadImageRequest.h */ = {isa = PBXFileReference; fileEncoding = 4; lastKnownFileType = sourcecode.c.h; path = UploadImageRequest.h; sourceTree = "<group>"; };
		3D153D141CBDE6F6006A5313 /* UploadImageRequest.m */ = {isa = PBXFileReference; fileEncoding = 4; lastKnownFileType = sourcecode.c.objc; path = UploadImageRequest.m; sourceTree = "<group>"; };
		3D153D161CBDF0DE006A5313 /* UIImage+ResizeMagick.m */ = {isa = PBXFileReference; fileEncoding = 4; lastKnownFileType = sourcecode.c.objc; path = "UIImage+ResizeMagick.m"; sourceTree = "<group>"; };
		3D153D171CBDF0DE006A5313 /* UIImage+ResizeMagick.h */ = {isa = PBXFileReference; fileEncoding = 4; lastKnownFileType = sourcecode.c.h; path = "UIImage+ResizeMagick.h"; sourceTree = "<group>"; };
		3D153D191CBDF7E0006A5313 /* ModifyInformationRequest.h */ = {isa = PBXFileReference; fileEncoding = 4; lastKnownFileType = sourcecode.c.h; path = ModifyInformationRequest.h; sourceTree = "<group>"; };
		3D153D1A1CBDF7E0006A5313 /* ModifyInformationRequest.m */ = {isa = PBXFileReference; fileEncoding = 4; lastKnownFileType = sourcecode.c.objc; path = ModifyInformationRequest.m; sourceTree = "<group>"; };
		3D153D1C1CBE111B006A5313 /* FindPasswordViewController.h */ = {isa = PBXFileReference; fileEncoding = 4; lastKnownFileType = sourcecode.c.h; path = FindPasswordViewController.h; sourceTree = "<group>"; };
		3D153D1D1CBE111B006A5313 /* FindPasswordViewController.m */ = {isa = PBXFileReference; fileEncoding = 4; lastKnownFileType = sourcecode.c.objc; path = FindPasswordViewController.m; sourceTree = "<group>"; };
		3D153D1F1CBE1710006A5313 /* FindPasswordRequest.h */ = {isa = PBXFileReference; fileEncoding = 4; lastKnownFileType = sourcecode.c.h; path = FindPasswordRequest.h; sourceTree = "<group>"; };
		3D153D201CBE1710006A5313 /* FindPasswordRequest.m */ = {isa = PBXFileReference; fileEncoding = 4; lastKnownFileType = sourcecode.c.objc; path = FindPasswordRequest.m; sourceTree = "<group>"; };
		3D153D231CBE193A006A5313 /* MBProgressHUD+Add.h */ = {isa = PBXFileReference; fileEncoding = 4; lastKnownFileType = sourcecode.c.h; path = "MBProgressHUD+Add.h"; sourceTree = "<group>"; };
		3D153D241CBE193A006A5313 /* MBProgressHUD+Add.m */ = {isa = PBXFileReference; fileEncoding = 4; lastKnownFileType = sourcecode.c.objc; path = "MBProgressHUD+Add.m"; sourceTree = "<group>"; };
		3D153D251CBE193A006A5313 /* MJPhoto.h */ = {isa = PBXFileReference; fileEncoding = 4; lastKnownFileType = sourcecode.c.h; path = MJPhoto.h; sourceTree = "<group>"; };
		3D153D261CBE193A006A5313 /* MJPhoto.m */ = {isa = PBXFileReference; fileEncoding = 4; lastKnownFileType = sourcecode.c.objc; path = MJPhoto.m; sourceTree = "<group>"; };
		3D153D271CBE193A006A5313 /* MJPhotoBrowser.bundle */ = {isa = PBXFileReference; lastKnownFileType = "wrapper.plug-in"; path = MJPhotoBrowser.bundle; sourceTree = "<group>"; };
		3D153D281CBE193A006A5313 /* MJPhotoBrowser.h */ = {isa = PBXFileReference; fileEncoding = 4; lastKnownFileType = sourcecode.c.h; path = MJPhotoBrowser.h; sourceTree = "<group>"; };
		3D153D291CBE193A006A5313 /* MJPhotoBrowser.m */ = {isa = PBXFileReference; fileEncoding = 4; lastKnownFileType = sourcecode.c.objc; path = MJPhotoBrowser.m; sourceTree = "<group>"; };
		3D153D2A1CBE193A006A5313 /* MJPhotoLoadingView.h */ = {isa = PBXFileReference; fileEncoding = 4; lastKnownFileType = sourcecode.c.h; path = MJPhotoLoadingView.h; sourceTree = "<group>"; };
		3D153D2B1CBE193A006A5313 /* MJPhotoLoadingView.m */ = {isa = PBXFileReference; fileEncoding = 4; lastKnownFileType = sourcecode.c.objc; path = MJPhotoLoadingView.m; sourceTree = "<group>"; };
		3D153D2C1CBE193A006A5313 /* MJPhotoProgressView.h */ = {isa = PBXFileReference; fileEncoding = 4; lastKnownFileType = sourcecode.c.h; path = MJPhotoProgressView.h; sourceTree = "<group>"; };
		3D153D2D1CBE193A006A5313 /* MJPhotoProgressView.m */ = {isa = PBXFileReference; fileEncoding = 4; lastKnownFileType = sourcecode.c.objc; path = MJPhotoProgressView.m; sourceTree = "<group>"; };
		3D153D2E1CBE193A006A5313 /* MJPhotoToolbar.h */ = {isa = PBXFileReference; fileEncoding = 4; lastKnownFileType = sourcecode.c.h; path = MJPhotoToolbar.h; sourceTree = "<group>"; };
		3D153D2F1CBE193A006A5313 /* MJPhotoToolbar.m */ = {isa = PBXFileReference; fileEncoding = 4; lastKnownFileType = sourcecode.c.objc; path = MJPhotoToolbar.m; sourceTree = "<group>"; };
		3D153D301CBE193A006A5313 /* MJPhotoView.h */ = {isa = PBXFileReference; fileEncoding = 4; lastKnownFileType = sourcecode.c.h; path = MJPhotoView.h; sourceTree = "<group>"; };
		3D153D311CBE193A006A5313 /* MJPhotoView.m */ = {isa = PBXFileReference; fileEncoding = 4; lastKnownFileType = sourcecode.c.objc; path = MJPhotoView.m; sourceTree = "<group>"; };
		3D153D3A1CBE23F0006A5313 /* HousingFacilitiesViewController.h */ = {isa = PBXFileReference; fileEncoding = 4; lastKnownFileType = sourcecode.c.h; path = HousingFacilitiesViewController.h; sourceTree = "<group>"; };
		3D153D3B1CBE23F0006A5313 /* HousingFacilitiesViewController.m */ = {isa = PBXFileReference; fileEncoding = 4; lastKnownFileType = sourcecode.c.objc; path = HousingFacilitiesViewController.m; sourceTree = "<group>"; };
		3D153D3D1CBF2F92006A5313 /* HousingAddressAndPriceViewController.h */ = {isa = PBXFileReference; fileEncoding = 4; lastKnownFileType = sourcecode.c.h; path = HousingAddressAndPriceViewController.h; sourceTree = "<group>"; };
		3D153D3E1CBF2F92006A5313 /* HousingAddressAndPriceViewController.m */ = {isa = PBXFileReference; fileEncoding = 4; lastKnownFileType = sourcecode.c.objc; path = HousingAddressAndPriceViewController.m; sourceTree = "<group>"; };
		3D153D431CBF3FA4006A5313 /* HousingAddressChooseViewController.h */ = {isa = PBXFileReference; fileEncoding = 4; lastKnownFileType = sourcecode.c.h; path = HousingAddressChooseViewController.h; sourceTree = "<group>"; };
		3D153D441CBF3FA4006A5313 /* HousingAddressChooseViewController.m */ = {isa = PBXFileReference; fileEncoding = 4; lastKnownFileType = sourcecode.c.objc; path = HousingAddressChooseViewController.m; sourceTree = "<group>"; };
		3D153D461CBF40CA006A5313 /* WebKit.framework */ = {isa = PBXFileReference; lastKnownFileType = wrapper.framework; name = WebKit.framework; path = System/Library/Frameworks/WebKit.framework; sourceTree = SDKROOT; };
		3D153D481CBF665B006A5313 /* HousingPictureAndContentViewController.h */ = {isa = PBXFileReference; fileEncoding = 4; lastKnownFileType = sourcecode.c.h; path = HousingPictureAndContentViewController.h; sourceTree = "<group>"; };
		3D153D491CBF665B006A5313 /* HousingPictureAndContentViewController.m */ = {isa = PBXFileReference; fileEncoding = 4; lastKnownFileType = sourcecode.c.objc; path = HousingPictureAndContentViewController.m; sourceTree = "<group>"; };
		3D38FE881CBCE8BB001AF04F /* XLBlockActionSheet.h */ = {isa = PBXFileReference; fileEncoding = 4; lastKnownFileType = sourcecode.c.h; path = XLBlockActionSheet.h; sourceTree = "<group>"; };
		3D38FE891CBCE8BB001AF04F /* XLBlockActionSheet.m */ = {isa = PBXFileReference; fileEncoding = 4; lastKnownFileType = sourcecode.c.objc; path = XLBlockActionSheet.m; sourceTree = "<group>"; };
		3D38FE8C1CBCF533001AF04F /* AreaObject.h */ = {isa = PBXFileReference; fileEncoding = 4; lastKnownFileType = sourcecode.c.h; path = AreaObject.h; sourceTree = "<group>"; };
		3D38FE8D1CBCF533001AF04F /* AreaObject.m */ = {isa = PBXFileReference; fileEncoding = 4; lastKnownFileType = sourcecode.c.objc; path = AreaObject.m; sourceTree = "<group>"; };
		3D38FE8E1CBCF533001AF04F /* AddressChoicePickerView.h */ = {isa = PBXFileReference; fileEncoding = 4; lastKnownFileType = sourcecode.c.h; path = AddressChoicePickerView.h; sourceTree = "<group>"; };
		3D38FE8F1CBCF533001AF04F /* AddressChoicePickerView.m */ = {isa = PBXFileReference; fileEncoding = 4; lastKnownFileType = sourcecode.c.objc; path = AddressChoicePickerView.m; sourceTree = "<group>"; };
		3D38FE901CBCF533001AF04F /* AddressChoicePickerView.xib */ = {isa = PBXFileReference; fileEncoding = 4; lastKnownFileType = file.xib; path = AddressChoicePickerView.xib; sourceTree = "<group>"; };
		3D38FE941CBCF547001AF04F /* AreaPlist.plist */ = {isa = PBXFileReference; fileEncoding = 4; lastKnownFileType = text.plist.xml; path = AreaPlist.plist; sourceTree = "<group>"; };
		3D4C1D001CC08B6E00EF15B3 /* HousingTitleCell.h */ = {isa = PBXFileReference; fileEncoding = 4; lastKnownFileType = sourcecode.c.h; path = HousingTitleCell.h; sourceTree = "<group>"; };
		3D4C1D011CC08B6E00EF15B3 /* HousingTitleCell.m */ = {isa = PBXFileReference; fileEncoding = 4; lastKnownFileType = sourcecode.c.objc; path = HousingTitleCell.m; sourceTree = "<group>"; };
		3D4C1D031CC08BB200EF15B3 /* HousingSituationCell.h */ = {isa = PBXFileReference; fileEncoding = 4; lastKnownFileType = sourcecode.c.h; path = HousingSituationCell.h; sourceTree = "<group>"; };
		3D4C1D041CC08BB200EF15B3 /* HousingSituationCell.m */ = {isa = PBXFileReference; fileEncoding = 4; lastKnownFileType = sourcecode.c.objc; path = HousingSituationCell.m; sourceTree = "<group>"; };
		3D4C1D061CC08BDB00EF15B3 /* HousingFacilityCell.h */ = {isa = PBXFileReference; fileEncoding = 4; lastKnownFileType = sourcecode.c.h; path = HousingFacilityCell.h; sourceTree = "<group>"; };
		3D4C1D071CC08BDB00EF15B3 /* HousingFacilityCell.m */ = {isa = PBXFileReference; fileEncoding = 4; lastKnownFileType = sourcecode.c.objc; path = HousingFacilityCell.m; sourceTree = "<group>"; };
		3D4C1D0A1CC097C900EF15B3 /* FetchHousingDetailRequest.h */ = {isa = PBXFileReference; fileEncoding = 4; lastKnownFileType = sourcecode.c.h; path = FetchHousingDetailRequest.h; sourceTree = "<group>"; };
		3D4C1D0B1CC097C900EF15B3 /* FetchHousingDetailRequest.m */ = {isa = PBXFileReference; fileEncoding = 4; lastKnownFileType = sourcecode.c.objc; path = FetchHousingDetailRequest.m; sourceTree = "<group>"; };
		3D4C1D0D1CC0DD8100EF15B3 /* MyHousingViewController.h */ = {isa = PBXFileReference; fileEncoding = 4; lastKnownFileType = sourcecode.c.h; path = MyHousingViewController.h; sourceTree = "<group>"; };
		3D4C1D0E1CC0DD8100EF15B3 /* MyHousingViewController.m */ = {isa = PBXFileReference; fileEncoding = 4; lastKnownFileType = sourcecode.c.objc; path = MyHousingViewController.m; sourceTree = "<group>"; };
		3D4C1D111CC0E29300EF15B3 /* MyHousingCell.h */ = {isa = PBXFileReference; fileEncoding = 4; lastKnownFileType = sourcecode.c.h; path = MyHousingCell.h; sourceTree = "<group>"; };
		3D4C1D121CC0E29300EF15B3 /* MyHousingCell.m */ = {isa = PBXFileReference; fileEncoding = 4; lastKnownFileType = sourcecode.c.objc; path = MyHousingCell.m; sourceTree = "<group>"; };
		3D4C1D151CC46DB000EF15B3 /* FetchUnreadMessageQualityRequest.h */ = {isa = PBXFileReference; fileEncoding = 4; lastKnownFileType = sourcecode.c.h; path = FetchUnreadMessageQualityRequest.h; sourceTree = "<group>"; };
		3D4C1D161CC46DB000EF15B3 /* FetchUnreadMessageQualityRequest.m */ = {isa = PBXFileReference; fileEncoding = 4; lastKnownFileType = sourcecode.c.objc; path = FetchUnreadMessageQualityRequest.m; sourceTree = "<group>"; };
		3D4C1D191CC4706500EF15B3 /* MessageModel.h */ = {isa = PBXFileReference; fileEncoding = 4; lastKnownFileType = sourcecode.c.h; path = MessageModel.h; sourceTree = "<group>"; };
		3D4C1D1A1CC4706500EF15B3 /* MessageModel.m */ = {isa = PBXFileReference; fileEncoding = 4; lastKnownFileType = sourcecode.c.objc; path = MessageModel.m; sourceTree = "<group>"; };
		3D4C1D1C1CC486BA00EF15B3 /* FetchMessageListRequest.h */ = {isa = PBXFileReference; fileEncoding = 4; lastKnownFileType = sourcecode.c.h; path = FetchMessageListRequest.h; sourceTree = "<group>"; };
		3D4C1D1D1CC486BA00EF15B3 /* FetchMessageListRequest.m */ = {isa = PBXFileReference; fileEncoding = 4; lastKnownFileType = sourcecode.c.objc; path = FetchMessageListRequest.m; sourceTree = "<group>"; };
		3D4C1D1F1CC4AAC500EF15B3 /* IndexReulstModel.h */ = {isa = PBXFileReference; fileEncoding = 4; lastKnownFileType = sourcecode.c.h; path = IndexReulstModel.h; sourceTree = "<group>"; };
		3D4C1D201CC4AAC500EF15B3 /* IndexReulstModel.m */ = {isa = PBXFileReference; fileEncoding = 4; lastKnownFileType = sourcecode.c.objc; path = IndexReulstModel.m; sourceTree = "<group>"; };
		3D4C1D261CC4BDE400EF15B3 /* SearchViewController.h */ = {isa = PBXFileReference; fileEncoding = 4; lastKnownFileType = sourcecode.c.h; path = SearchViewController.h; sourceTree = "<group>"; };
		3D4C1D271CC4BDE400EF15B3 /* SearchViewController.m */ = {isa = PBXFileReference; fileEncoding = 4; lastKnownFileType = sourcecode.c.objc; path = SearchViewController.m; sourceTree = "<group>"; };
		3D4C1D291CC4BDF400EF15B3 /* Search.storyboard */ = {isa = PBXFileReference; fileEncoding = 4; lastKnownFileType = file.storyboard; path = Search.storyboard; sourceTree = "<group>"; };
		3D712B311C9A7CC800687ED9 /* MainViewController.h */ = {isa = PBXFileReference; fileEncoding = 4; lastKnownFileType = sourcecode.c.h; path = MainViewController.h; sourceTree = "<group>"; };
		3D712B321C9A7CC800687ED9 /* MainViewController.m */ = {isa = PBXFileReference; fileEncoding = 4; lastKnownFileType = sourcecode.c.objc; path = MainViewController.m; sourceTree = "<group>"; };
		3D712B3C1C9A7DB200687ED9 /* Collection.storyboard */ = {isa = PBXFileReference; fileEncoding = 4; lastKnownFileType = file.storyboard; path = Collection.storyboard; sourceTree = "<group>"; };
		3D712B3E1C9A7DBF00687ED9 /* Message.storyboard */ = {isa = PBXFileReference; fileEncoding = 4; lastKnownFileType = file.storyboard; path = Message.storyboard; sourceTree = "<group>"; };
		3D712B401C9A7DD700687ED9 /* Personal.storyboard */ = {isa = PBXFileReference; fileEncoding = 4; lastKnownFileType = file.storyboard; path = Personal.storyboard; sourceTree = "<group>"; };
		3D712B421C9A7DE400687ED9 /* Homepage.storyboard */ = {isa = PBXFileReference; fileEncoding = 4; lastKnownFileType = file.storyboard; path = Homepage.storyboard; sourceTree = "<group>"; };
		3D712B441C9A7F5900687ED9 /* CollectionViewController.h */ = {isa = PBXFileReference; fileEncoding = 4; lastKnownFileType = sourcecode.c.h; path = CollectionViewController.h; sourceTree = "<group>"; };
		3D712B451C9A7F5900687ED9 /* CollectionViewController.m */ = {isa = PBXFileReference; fileEncoding = 4; lastKnownFileType = sourcecode.c.objc; path = CollectionViewController.m; sourceTree = "<group>"; };
		3D712B471C9A7F6E00687ED9 /* HomepageViewController.h */ = {isa = PBXFileReference; fileEncoding = 4; lastKnownFileType = sourcecode.c.h; path = HomepageViewController.h; sourceTree = "<group>"; };
		3D712B481C9A7F6E00687ED9 /* HomepageViewController.m */ = {isa = PBXFileReference; fileEncoding = 4; lastKnownFileType = sourcecode.c.objc; path = HomepageViewController.m; sourceTree = "<group>"; };
		3D712B4A1C9A7F7900687ED9 /* MessageViewController.h */ = {isa = PBXFileReference; fileEncoding = 4; lastKnownFileType = sourcecode.c.h; path = MessageViewController.h; sourceTree = "<group>"; };
		3D712B4B1C9A7F7900687ED9 /* MessageViewController.m */ = {isa = PBXFileReference; fileEncoding = 4; lastKnownFileType = sourcecode.c.objc; path = MessageViewController.m; sourceTree = "<group>"; };
		3D712B4D1C9A7F8B00687ED9 /* PersonalViewController.h */ = {isa = PBXFileReference; fileEncoding = 4; lastKnownFileType = sourcecode.c.h; path = PersonalViewController.h; sourceTree = "<group>"; };
		3D712B4E1C9A7F8B00687ED9 /* PersonalViewController.m */ = {isa = PBXFileReference; fileEncoding = 4; lastKnownFileType = sourcecode.c.objc; path = PersonalViewController.m; sourceTree = "<group>"; };
		3D712B511C9A8BD500687ED9 /* RequestManager.h */ = {isa = PBXFileReference; fileEncoding = 4; lastKnownFileType = sourcecode.c.h; path = RequestManager.h; sourceTree = "<group>"; };
		3D712B521C9A8BD500687ED9 /* RequestManager.m */ = {isa = PBXFileReference; fileEncoding = 4; lastKnownFileType = sourcecode.c.objc; path = RequestManager.m; sourceTree = "<group>"; };
		3D712B541C9A8E7100687ED9 /* RequestCacher.h */ = {isa = PBXFileReference; fileEncoding = 4; lastKnownFileType = sourcecode.c.h; path = RequestCacher.h; sourceTree = "<group>"; };
		3D712B551C9A8E7100687ED9 /* RequestCacher.m */ = {isa = PBXFileReference; fileEncoding = 4; lastKnownFileType = sourcecode.c.objc; path = RequestCacher.m; sourceTree = "<group>"; };
		3D712B571C9A8EA200687ED9 /* BaseRequest.h */ = {isa = PBXFileReference; fileEncoding = 4; lastKnownFileType = sourcecode.c.h; path = BaseRequest.h; sourceTree = "<group>"; };
		3D712B581C9A8EA200687ED9 /* BaseRequest.m */ = {isa = PBXFileReference; fileEncoding = 4; lastKnownFileType = sourcecode.c.objc; path = BaseRequest.m; sourceTree = "<group>"; };
		3D712B601C9BAEE600687ED9 /* Login.storyboard */ = {isa = PBXFileReference; fileEncoding = 4; lastKnownFileType = file.storyboard; path = Login.storyboard; sourceTree = "<group>"; };
		3D712B621C9BFF7300687ED9 /* LoginViewController.h */ = {isa = PBXFileReference; fileEncoding = 4; lastKnownFileType = sourcecode.c.h; path = LoginViewController.h; sourceTree = "<group>"; };
		3D712B631C9BFF7300687ED9 /* LoginViewController.m */ = {isa = PBXFileReference; fileEncoding = 4; lastKnownFileType = sourcecode.c.objc; path = LoginViewController.m; sourceTree = "<group>"; };
		3D712B651C9BFF8C00687ED9 /* RegisterViewController.h */ = {isa = PBXFileReference; fileEncoding = 4; lastKnownFileType = sourcecode.c.h; path = RegisterViewController.h; sourceTree = "<group>"; };
		3D712B661C9BFF8C00687ED9 /* RegisterViewController.m */ = {isa = PBXFileReference; fileEncoding = 4; lastKnownFileType = sourcecode.c.objc; path = RegisterViewController.m; sourceTree = "<group>"; };
		3D712B681C9C3A7400687ED9 /* CommonsDefines.h */ = {isa = PBXFileReference; fileEncoding = 4; lastKnownFileType = sourcecode.c.h; path = CommonsDefines.h; sourceTree = "<group>"; };
		3D712B691C9C3A7400687ED9 /* CommonsDefines.m */ = {isa = PBXFileReference; fileEncoding = 4; lastKnownFileType = sourcecode.c.objc; path = CommonsDefines.m; sourceTree = "<group>"; };
		3D712B7A1C9DBBF000687ED9 /* LoginRequest.h */ = {isa = PBXFileReference; fileEncoding = 4; lastKnownFileType = sourcecode.c.h; path = LoginRequest.h; sourceTree = "<group>"; };
		3D712B7B1C9DBBF000687ED9 /* LoginRequest.m */ = {isa = PBXFileReference; fileEncoding = 4; lastKnownFileType = sourcecode.c.objc; path = LoginRequest.m; sourceTree = "<group>"; };
		3D712B831C9E66CB00687ED9 /* XLNoticeHelper.h */ = {isa = PBXFileReference; fileEncoding = 4; lastKnownFileType = sourcecode.c.h; path = XLNoticeHelper.h; sourceTree = "<group>"; };
		3D712B841C9E66CB00687ED9 /* XLNoticeHelper.m */ = {isa = PBXFileReference; fileEncoding = 4; lastKnownFileType = sourcecode.c.objc; path = XLNoticeHelper.m; sourceTree = "<group>"; };
		3D712B871C9FA82200687ED9 /* RegisterRequest.h */ = {isa = PBXFileReference; fileEncoding = 4; lastKnownFileType = sourcecode.c.h; path = RegisterRequest.h; sourceTree = "<group>"; };
		3D712B881C9FA82200687ED9 /* RegisterRequest.m */ = {isa = PBXFileReference; fileEncoding = 4; lastKnownFileType = sourcecode.c.objc; path = RegisterRequest.m; sourceTree = "<group>"; };
		3D712B8A1C9FACD900687ED9 /* Util.h */ = {isa = PBXFileReference; fileEncoding = 4; lastKnownFileType = sourcecode.c.h; path = Util.h; sourceTree = "<group>"; };
		3D712B8B1C9FACD900687ED9 /* Util.m */ = {isa = PBXFileReference; fileEncoding = 4; lastKnownFileType = sourcecode.c.objc; path = Util.m; sourceTree = "<group>"; };
		3D712B8D1CA03D3F00687ED9 /* GetCodeRequest.h */ = {isa = PBXFileReference; fileEncoding = 4; lastKnownFileType = sourcecode.c.h; path = GetCodeRequest.h; sourceTree = "<group>"; };
		3D712B8E1CA03D3F00687ED9 /* GetCodeRequest.m */ = {isa = PBXFileReference; fileEncoding = 4; lastKnownFileType = sourcecode.c.objc; path = GetCodeRequest.m; sourceTree = "<group>"; };
		3D712B971CA1A6E600687ED9 /* Main.storyboard */ = {isa = PBXFileReference; fileEncoding = 4; lastKnownFileType = file.storyboard; path = Main.storyboard; sourceTree = "<group>"; };
		3D712BDE1CA1AE4900687ED9 /* XZMTabbarExtension.h */ = {isa = PBXFileReference; fileEncoding = 4; lastKnownFileType = sourcecode.c.h; path = XZMTabbarExtension.h; sourceTree = "<group>"; };
		3D712BDF1CA1AE4900687ED9 /* XZMTabbarExtension.m */ = {isa = PBXFileReference; fileEncoding = 4; lastKnownFileType = sourcecode.c.objc; path = XZMTabbarExtension.m; sourceTree = "<group>"; };
		3D846D241CCDA48000FC7F7D /* FetchMessageDetailRequest.h */ = {isa = PBXFileReference; fileEncoding = 4; lastKnownFileType = sourcecode.c.h; path = FetchMessageDetailRequest.h; sourceTree = "<group>"; };
		3D846D251CCDA48100FC7F7D /* FetchMessageDetailRequest.m */ = {isa = PBXFileReference; fileEncoding = 4; lastKnownFileType = sourcecode.c.objc; path = FetchMessageDetailRequest.m; sourceTree = "<group>"; };
		3D846D271CCDA66F00FC7F7D /* MessageDeleteRequest.h */ = {isa = PBXFileReference; fileEncoding = 4; lastKnownFileType = sourcecode.c.h; path = MessageDeleteRequest.h; sourceTree = "<group>"; };
		3D846D281CCDA66F00FC7F7D /* MessageDeleteRequest.m */ = {isa = PBXFileReference; fileEncoding = 4; lastKnownFileType = sourcecode.c.objc; path = MessageDeleteRequest.m; sourceTree = "<group>"; };
		3D846D2A1CCDB1AD00FC7F7D /* area.plist */ = {isa = PBXFileReference; fileEncoding = 4; lastKnownFileType = text.plist.xml; path = area.plist; sourceTree = "<group>"; };
		3D846D2E1CCDEABC00FC7F7D /* AreaPickerView.h */ = {isa = PBXFileReference; fileEncoding = 4; lastKnownFileType = sourcecode.c.h; path = AreaPickerView.h; sourceTree = "<group>"; };
		3D846D2F1CCDEABC00FC7F7D /* AreaPickerView.m */ = {isa = PBXFileReference; fileEncoding = 4; lastKnownFileType = sourcecode.c.objc; path = AreaPickerView.m; sourceTree = "<group>"; };
		3D846D331CCDED0000FC7F7D /* AreaPickerView.xib */ = {isa = PBXFileReference; fileEncoding = 4; lastKnownFileType = file.xib; path = AreaPickerView.xib; sourceTree = "<group>"; };
		3D9162991CBC85A30032A28C /* BaseModel.h */ = {isa = PBXFileReference; fileEncoding = 4; lastKnownFileType = sourcecode.c.h; path = BaseModel.h; sourceTree = "<group>"; };
		3D91629A1CBC85A30032A28C /* BaseModel.m */ = {isa = PBXFileReference; fileEncoding = 4; lastKnownFileType = sourcecode.c.objc; path = BaseModel.m; sourceTree = "<group>"; };
		3D91629C1CBC85A30032A28C /* HousingModel.h */ = {isa = PBXFileReference; fileEncoding = 4; lastKnownFileType = sourcecode.c.h; path = HousingModel.h; sourceTree = "<group>"; };
		3D91629D1CBC85A30032A28C /* HousingModel.m */ = {isa = PBXFileReference; fileEncoding = 4; lastKnownFileType = sourcecode.c.objc; path = HousingModel.m; sourceTree = "<group>"; };
		3D91629F1CBC85A30032A28C /* LoginModel.h */ = {isa = PBXFileReference; fileEncoding = 4; lastKnownFileType = sourcecode.c.h; path = LoginModel.h; sourceTree = "<group>"; };
		3D9162A01CBC85A30032A28C /* LoginModel.m */ = {isa = PBXFileReference; fileEncoding = 4; lastKnownFileType = sourcecode.c.objc; path = LoginModel.m; sourceTree = "<group>"; };
		3D9162A51CBC85EF0032A28C /* PersonalModel.h */ = {isa = PBXFileReference; fileEncoding = 4; lastKnownFileType = sourcecode.c.h; path = PersonalModel.h; sourceTree = "<group>"; };
		3D9162A61CBC85EF0032A28C /* PersonalModel.m */ = {isa = PBXFileReference; fileEncoding = 4; lastKnownFileType = sourcecode.c.objc; path = PersonalModel.m; sourceTree = "<group>"; };
		3D9162A91CBC8AFF0032A28C /* FetchUserInformationRequest.h */ = {isa = PBXFileReference; fileEncoding = 4; lastKnownFileType = sourcecode.c.h; path = FetchUserInformationRequest.h; sourceTree = "<group>"; };
		3D9162AA1CBC8AFF0032A28C /* FetchUserInformationRequest.m */ = {isa = PBXFileReference; fileEncoding = 4; lastKnownFileType = sourcecode.c.objc; path = FetchUserInformationRequest.m; sourceTree = "<group>"; };
		3DC334241CD2EE28007E483A /* FetchRecommendedHousingRequest.h */ = {isa = PBXFileReference; fileEncoding = 4; lastKnownFileType = sourcecode.c.h; path = FetchRecommendedHousingRequest.h; sourceTree = "<group>"; };
		3DC334251CD2EE28007E483A /* FetchRecommendedHousingRequest.m */ = {isa = PBXFileReference; fileEncoding = 4; lastKnownFileType = sourcecode.c.objc; path = FetchRecommendedHousingRequest.m; sourceTree = "<group>"; };
		3DC334271CD2F892007E483A /* FetchMyHousingRequest.h */ = {isa = PBXFileReference; fileEncoding = 4; lastKnownFileType = sourcecode.c.h; path = FetchMyHousingRequest.h; sourceTree = "<group>"; };
		3DC334281CD2F892007E483A /* FetchMyHousingRequest.m */ = {isa = PBXFileReference; fileEncoding = 4; lastKnownFileType = sourcecode.c.objc; path = FetchMyHousingRequest.m; sourceTree = "<group>"; };
		3DC7DC481CAE19D900D483B4 /* HousingResourceCell.h */ = {isa = PBXFileReference; fileEncoding = 4; lastKnownFileType = sourcecode.c.h; path = HousingResourceCell.h; sourceTree = "<group>"; };
		3DC7DC491CAE19D900D483B4 /* HousingResourceCell.m */ = {isa = PBXFileReference; fileEncoding = 4; lastKnownFileType = sourcecode.c.objc; path = HousingResourceCell.m; sourceTree = "<group>"; };
		3DC7DC571CB0E0AD00D483B4 /* HousingDetailViewController.h */ = {isa = PBXFileReference; fileEncoding = 4; lastKnownFileType = sourcecode.c.h; path = HousingDetailViewController.h; sourceTree = "<group>"; };
		3DC7DC581CB0E0AD00D483B4 /* HousingDetailViewController.m */ = {isa = PBXFileReference; fileEncoding = 4; lastKnownFileType = sourcecode.c.objc; path = HousingDetailViewController.m; sourceTree = "<group>"; };
		3DC7DC5A1CB4D17A00D483B4 /* SettingViewController.h */ = {isa = PBXFileReference; fileEncoding = 4; lastKnownFileType = sourcecode.c.h; path = SettingViewController.h; sourceTree = "<group>"; };
		3DC7DC5B1CB4D17A00D483B4 /* SettingViewController.m */ = {isa = PBXFileReference; fileEncoding = 4; lastKnownFileType = sourcecode.c.objc; path = SettingViewController.m; sourceTree = "<group>"; };
		3DC7DC5D1CB4E9E100D483B4 /* XLBlockAlertView.h */ = {isa = PBXFileReference; fileEncoding = 4; lastKnownFileType = sourcecode.c.h; path = XLBlockAlertView.h; sourceTree = "<group>"; };
		3DC7DC5E1CB4E9E100D483B4 /* XLBlockAlertView.m */ = {isa = PBXFileReference; fileEncoding = 4; lastKnownFileType = sourcecode.c.objc; path = XLBlockAlertView.m; sourceTree = "<group>"; };
		3DC7DC601CB4F45400D483B4 /* FeedbackViewController.h */ = {isa = PBXFileReference; fileEncoding = 4; lastKnownFileType = sourcecode.c.h; path = FeedbackViewController.h; sourceTree = "<group>"; };
		3DC7DC611CB4F45400D483B4 /* FeedbackViewController.m */ = {isa = PBXFileReference; fileEncoding = 4; lastKnownFileType = sourcecode.c.objc; path = FeedbackViewController.m; sourceTree = "<group>"; };
		3DC7DC631CB75A2F00D483B4 /* InformationEditViewController.h */ = {isa = PBXFileReference; fileEncoding = 4; lastKnownFileType = sourcecode.c.h; path = InformationEditViewController.h; sourceTree = "<group>"; };
		3DC7DC641CB75A2F00D483B4 /* InformationEditViewController.m */ = {isa = PBXFileReference; fileEncoding = 4; lastKnownFileType = sourcecode.c.objc; path = InformationEditViewController.m; sourceTree = "<group>"; };
		3DC7DC671CB8C1EC00D483B4 /* SystemMessageCell.h */ = {isa = PBXFileReference; fileEncoding = 4; lastKnownFileType = sourcecode.c.h; path = SystemMessageCell.h; sourceTree = "<group>"; };
		3DC7DC681CB8C1EC00D483B4 /* SystemMessageCell.m */ = {isa = PBXFileReference; fileEncoding = 4; lastKnownFileType = sourcecode.c.objc; path = SystemMessageCell.m; sourceTree = "<group>"; };
		3DC7DC6B1CBA255E00D483B4 /* ChooseHousingTypeViewController.h */ = {isa = PBXFileReference; fileEncoding = 4; lastKnownFileType = sourcecode.c.h; path = ChooseHousingTypeViewController.h; sourceTree = "<group>"; };
		3DC7DC6C1CBA255E00D483B4 /* ChooseHousingTypeViewController.m */ = {isa = PBXFileReference; fileEncoding = 4; lastKnownFileType = sourcecode.c.objc; path = ChooseHousingTypeViewController.m; sourceTree = "<group>"; };
		3DC7DC6E1CBA383B00D483B4 /* FixHousingStyleViewController.h */ = {isa = PBXFileReference; fileEncoding = 4; lastKnownFileType = sourcecode.c.h; path = FixHousingStyleViewController.h; sourceTree = "<group>"; };
		3DC7DC6F1CBA383B00D483B4 /* FixHousingStyleViewController.m */ = {isa = PBXFileReference; fileEncoding = 4; lastKnownFileType = sourcecode.c.objc; path = FixHousingStyleViewController.m; sourceTree = "<group>"; };
		3DDA2B6D1CD0AB8400EB581F /* MessageDetailViewController.h */ = {isa = PBXFileReference; fileEncoding = 4; lastKnownFileType = sourcecode.c.h; path = MessageDetailViewController.h; sourceTree = "<group>"; };
		3DDA2B6E1CD0AB8500EB581F /* MessageDetailViewController.m */ = {isa = PBXFileReference; fileEncoding = 4; lastKnownFileType = sourcecode.c.objc; path = MessageDetailViewController.m; sourceTree = "<group>"; };
		3DDD8BA61C99258100C7296A /* MiYo.app */ = {isa = PBXFileReference; explicitFileType = wrapper.application; includeInIndex = 0; path = MiYo.app; sourceTree = BUILT_PRODUCTS_DIR; };
		3DDD8BAA1C99258100C7296A /* main.m */ = {isa = PBXFileReference; lastKnownFileType = sourcecode.c.objc; path = main.m; sourceTree = "<group>"; };
		3DDD8BAC1C99258100C7296A /* AppDelegate.h */ = {isa = PBXFileReference; lastKnownFileType = sourcecode.c.h; path = AppDelegate.h; sourceTree = "<group>"; };
		3DDD8BAD1C99258100C7296A /* AppDelegate.m */ = {isa = PBXFileReference; lastKnownFileType = sourcecode.c.objc; path = AppDelegate.m; sourceTree = "<group>"; };
		3DDD8BB51C99258100C7296A /* Assets.xcassets */ = {isa = PBXFileReference; lastKnownFileType = folder.assetcatalog; path = Assets.xcassets; sourceTree = "<group>"; };
		3DDD8BBA1C99258100C7296A /* Info.plist */ = {isa = PBXFileReference; lastKnownFileType = text.plist.xml; path = Info.plist; sourceTree = "<group>"; };
		3DDD8BBF1C99258100C7296A /* MiYoTests.xctest */ = {isa = PBXFileReference; explicitFileType = wrapper.cfbundle; includeInIndex = 0; path = MiYoTests.xctest; sourceTree = BUILT_PRODUCTS_DIR; };
		3DDD8BC31C99258100C7296A /* MiYoTests.m */ = {isa = PBXFileReference; lastKnownFileType = sourcecode.c.objc; path = MiYoTests.m; sourceTree = "<group>"; };
		3DDD8BC51C99258200C7296A /* Info.plist */ = {isa = PBXFileReference; lastKnownFileType = text.plist.xml; path = Info.plist; sourceTree = "<group>"; };
		3DDD8BCA1C99258200C7296A /* MiYoUITests.xctest */ = {isa = PBXFileReference; explicitFileType = wrapper.cfbundle; includeInIndex = 0; path = MiYoUITests.xctest; sourceTree = BUILT_PRODUCTS_DIR; };
		3DDD8BCE1C99258200C7296A /* MiYoUITests.m */ = {isa = PBXFileReference; lastKnownFileType = sourcecode.c.objc; path = MiYoUITests.m; sourceTree = "<group>"; };
		3DDD8BD01C99258200C7296A /* Info.plist */ = {isa = PBXFileReference; lastKnownFileType = text.plist.xml; path = Info.plist; sourceTree = "<group>"; };
		3DED4FBE1CD35CDE00B368C3 /* FetchHousingImagesRequest.h */ = {isa = PBXFileReference; fileEncoding = 4; lastKnownFileType = sourcecode.c.h; path = FetchHousingImagesRequest.h; sourceTree = "<group>"; };
		3DED4FBF1CD35CDE00B368C3 /* FetchHousingImagesRequest.m */ = {isa = PBXFileReference; fileEncoding = 4; lastKnownFileType = sourcecode.c.objc; path = FetchHousingImagesRequest.m; sourceTree = "<group>"; };
		3DED4FC11CD44D9C00B368C3 /* FeedbackRequest.h */ = {isa = PBXFileReference; fileEncoding = 4; lastKnownFileType = sourcecode.c.h; path = FeedbackRequest.h; sourceTree = "<group>"; };
		3DED4FC21CD44D9C00B368C3 /* FeedbackRequest.m */ = {isa = PBXFileReference; fileEncoding = 4; lastKnownFileType = sourcecode.c.objc; path = FeedbackRequest.m; sourceTree = "<group>"; };
		3DED4FC41CD479D700B368C3 /* HousingDeleteRequest.h */ = {isa = PBXFileReference; fileEncoding = 4; lastKnownFileType = sourcecode.c.h; path = HousingDeleteRequest.h; sourceTree = "<group>"; };
		3DED4FC51CD479D700B368C3 /* HousingDeleteRequest.m */ = {isa = PBXFileReference; fileEncoding = 4; lastKnownFileType = sourcecode.c.objc; path = HousingDeleteRequest.m; sourceTree = "<group>"; };
		3DED4FC71CD4810200B368C3 /* HousingCollectRequest.h */ = {isa = PBXFileReference; fileEncoding = 4; lastKnownFileType = sourcecode.c.h; path = HousingCollectRequest.h; sourceTree = "<group>"; };
		3DED4FC81CD4810200B368C3 /* HousingCollectRequest.m */ = {isa = PBXFileReference; fileEncoding = 4; lastKnownFileType = sourcecode.c.objc; path = HousingCollectRequest.m; sourceTree = "<group>"; };
		3DED4FCA1CD4815E00B368C3 /* HousingCancelCollectRequest.h */ = {isa = PBXFileReference; fileEncoding = 4; lastKnownFileType = sourcecode.c.h; path = HousingCancelCollectRequest.h; sourceTree = "<group>"; };
		3DED4FCB1CD4815E00B368C3 /* HousingCancelCollectRequest.m */ = {isa = PBXFileReference; fileEncoding = 4; lastKnownFileType = sourcecode.c.objc; path = HousingCancelCollectRequest.m; sourceTree = "<group>"; };
		3DED4FCD1CD4877E00B368C3 /* FetchMyCollectionRequest.h */ = {isa = PBXFileReference; fileEncoding = 4; lastKnownFileType = sourcecode.c.h; path = FetchMyCollectionRequest.h; sourceTree = "<group>"; };
		3DED4FCE1CD4877E00B368C3 /* FetchMyCollectionRequest.m */ = {isa = PBXFileReference; fileEncoding = 4; lastKnownFileType = sourcecode.c.objc; path = FetchMyCollectionRequest.m; sourceTree = "<group>"; };
		3DED4FD01CD4F78700B368C3 /* MatchingViewController.h */ = {isa = PBXFileReference; fileEncoding = 4; lastKnownFileType = sourcecode.c.h; path = MatchingViewController.h; sourceTree = "<group>"; };
		3DED4FD11CD4F78700B368C3 /* MatchingViewController.m */ = {isa = PBXFileReference; fileEncoding = 4; lastKnownFileType = sourcecode.c.objc; path = MatchingViewController.m; sourceTree = "<group>"; };
		3DED4FD31CD75CAD00B368C3 /* SearchHousingRequest.h */ = {isa = PBXFileReference; fileEncoding = 4; lastKnownFileType = sourcecode.c.h; path = SearchHousingRequest.h; sourceTree = "<group>"; };
		3DED4FD41CD75CAD00B368C3 /* SearchHousingRequest.m */ = {isa = PBXFileReference; fileEncoding = 4; lastKnownFileType = sourcecode.c.objc; path = SearchHousingRequest.m; sourceTree = "<group>"; };
		3DED4FD61CD7648900B368C3 /* SearchResultCell.h */ = {isa = PBXFileReference; fileEncoding = 4; lastKnownFileType = sourcecode.c.h; path = SearchResultCell.h; sourceTree = "<group>"; };
		3DED4FD71CD7648900B368C3 /* SearchResultCell.m */ = {isa = PBXFileReference; fileEncoding = 4; lastKnownFileType = sourcecode.c.objc; path = SearchResultCell.m; sourceTree = "<group>"; };
		3DED4FDA1CD8710D00B368C3 /* RBColorTool.m */ = {isa = PBXFileReference; fileEncoding = 4; lastKnownFileType = sourcecode.c.objc; path = RBColorTool.m; sourceTree = "<group>"; };
		3DED4FDB1CD8710D00B368C3 /* RBColorTool.h */ = {isa = PBXFileReference; fileEncoding = 4; lastKnownFileType = sourcecode.c.h; path = RBColorTool.h; sourceTree = "<group>"; };
		3DED4FDD1CD8881C00B368C3 /* MatchRequest.h */ = {isa = PBXFileReference; fileEncoding = 4; lastKnownFileType = sourcecode.c.h; path = MatchRequest.h; sourceTree = "<group>"; };
		3DED4FDE1CD8881C00B368C3 /* MatchRequest.m */ = {isa = PBXFileReference; fileEncoding = 4; lastKnownFileType = sourcecode.c.objc; path = MatchRequest.m; sourceTree = "<group>"; };
		3DED4FE01CD88A2000B368C3 /* UserModel.h */ = {isa = PBXFileReference; fileEncoding = 4; lastKnownFileType = sourcecode.c.h; path = UserModel.h; sourceTree = "<group>"; };
		3DED4FE11CD88A2000B368C3 /* UserModel.m */ = {isa = PBXFileReference; fileEncoding = 4; lastKnownFileType = sourcecode.c.objc; path = UserModel.m; sourceTree = "<group>"; };
		3DED4FE31CD88C6500B368C3 /* FetchUserCardRequest.h */ = {isa = PBXFileReference; fileEncoding = 4; lastKnownFileType = sourcecode.c.h; path = FetchUserCardRequest.h; sourceTree = "<group>"; };
		3DED4FE41CD88C6500B368C3 /* FetchUserCardRequest.m */ = {isa = PBXFileReference; fileEncoding = 4; lastKnownFileType = sourcecode.c.objc; path = FetchUserCardRequest.m; sourceTree = "<group>"; };
		3DED4FE61CD88F5F00B368C3 /* MatchResultViewController.h */ = {isa = PBXFileReference; fileEncoding = 4; lastKnownFileType = sourcecode.c.h; path = MatchResultViewController.h; sourceTree = "<group>"; };
		3DED4FE71CD88F5F00B368C3 /* MatchResultViewController.m */ = {isa = PBXFileReference; fileEncoding = 4; lastKnownFileType = sourcecode.c.objc; path = MatchResultViewController.m; sourceTree = "<group>"; };
		3DED4FE91CD8939900B368C3 /* MatchResultCell.h */ = {isa = PBXFileReference; fileEncoding = 4; lastKnownFileType = sourcecode.c.h; path = MatchResultCell.h; sourceTree = "<group>"; };
		3DED4FEA1CD8939900B368C3 /* MatchResultCell.m */ = {isa = PBXFileReference; fileEncoding = 4; lastKnownFileType = sourcecode.c.objc; path = MatchResultCell.m; sourceTree = "<group>"; };
		3DED4FEC1CD8A0D300B368C3 /* SendHousingRequest.h */ = {isa = PBXFileReference; fileEncoding = 4; lastKnownFileType = sourcecode.c.h; path = SendHousingRequest.h; sourceTree = "<group>"; };
		3DED4FED1CD8A0D300B368C3 /* SendHousingRequest.m */ = {isa = PBXFileReference; fileEncoding = 4; lastKnownFileType = sourcecode.c.objc; path = SendHousingRequest.m; sourceTree = "<group>"; };
		3DED4FEF1CD995DF00B368C3 /* UserCardViewController.h */ = {isa = PBXFileReference; fileEncoding = 4; lastKnownFileType = sourcecode.c.h; path = UserCardViewController.h; sourceTree = "<group>"; };
		3DED4FF01CD995DF00B368C3 /* UserCardViewController.m */ = {isa = PBXFileReference; fileEncoding = 4; lastKnownFileType = sourcecode.c.objc; path = UserCardViewController.m; sourceTree = "<group>"; };
		3DED4FF21CD9DB5500B368C3 /* InviteRequest.h */ = {isa = PBXFileReference; fileEncoding = 4; lastKnownFileType = sourcecode.c.h; path = InviteRequest.h; sourceTree = "<group>"; };
		3DED4FF31CD9DB5500B368C3 /* InviteRequest.m */ = {isa = PBXFileReference; fileEncoding = 4; lastKnownFileType = sourcecode.c.objc; path = InviteRequest.m; sourceTree = "<group>"; };
		3DED4FF51CD9DF6000B368C3 /* FetchBannerContentRequest.h */ = {isa = PBXFileReference; fileEncoding = 4; lastKnownFileType = sourcecode.c.h; path = FetchBannerContentRequest.h; sourceTree = "<group>"; };
		3DED4FF61CD9DF6000B368C3 /* FetchBannerContentRequest.m */ = {isa = PBXFileReference; fileEncoding = 4; lastKnownFileType = sourcecode.c.objc; path = FetchBannerContentRequest.m; sourceTree = "<group>"; };
		3DEE325C1CCF690000B1F1A0 /* HousingExpectationsViewController.h */ = {isa = PBXFileReference; fileEncoding = 4; lastKnownFileType = sourcecode.c.h; path = HousingExpectationsViewController.h; sourceTree = "<group>"; };
		3DEE325D1CCF690000B1F1A0 /* HousingExpectationsViewController.m */ = {isa = PBXFileReference; fileEncoding = 4; lastKnownFileType = sourcecode.c.objc; path = HousingExpectationsViewController.m; sourceTree = "<group>"; };
		A7EDB2E5F18E711773AAE029 /* Pods-MiYo.release.xcconfig */ = {isa = PBXFileReference; includeInIndex = 1; lastKnownFileType = text.xcconfig; name = "Pods-MiYo.release.xcconfig"; path = "Pods/Target Support Files/Pods-MiYo/Pods-MiYo.release.xcconfig"; sourceTree = "<group>"; };
		AFC04742678FCF017A8421A7 /* libPods-MiYo.a */ = {isa = PBXFileReference; explicitFileType = archive.ar; includeInIndex = 0; path = "libPods-MiYo.a"; sourceTree = BUILT_PRODUCTS_DIR; };
/* End PBXFileReference section */

/* Begin PBXFrameworksBuildPhase section */
		3DDD8BA31C99258100C7296A /* Frameworks */ = {
			isa = PBXFrameworksBuildPhase;
			buildActionMask = 2147483647;
			files = (
				2B4046FF1176D49BA3366E3D /* libPods-MiYo.a in Frameworks */,
			);
			runOnlyForDeploymentPostprocessing = 0;
		};
		3DDD8BBC1C99258100C7296A /* Frameworks */ = {
			isa = PBXFrameworksBuildPhase;
			buildActionMask = 2147483647;
			files = (
			);
			runOnlyForDeploymentPostprocessing = 0;
		};
		3DDD8BC71C99258200C7296A /* Frameworks */ = {
			isa = PBXFrameworksBuildPhase;
			buildActionMask = 2147483647;
			files = (
			);
			runOnlyForDeploymentPostprocessing = 0;
		};
/* End PBXFrameworksBuildPhase section */

/* Begin PBXGroup section */
		03BAA54629D8D0AECAC2FCF3 /* Pods */ = {
			isa = PBXGroup;
			children = (
				0A85385FF1E9EE51935FA343 /* Pods-MiYo.debug.xcconfig */,
				A7EDB2E5F18E711773AAE029 /* Pods-MiYo.release.xcconfig */,
			);
			name = Pods;
			sourceTree = "<group>";
		};
		31004756D496A1B94A0FD55E /* Frameworks */ = {
			isa = PBXGroup;
			children = (
				3D153D461CBF40CA006A5313 /* WebKit.framework */,
				AFC04742678FCF017A8421A7 /* libPods-MiYo.a */,
			);
			name = Frameworks;
			sourceTree = "<group>";
		};
		3D153D0F1CBDE57D006A5313 /* ImageUpload */ = {
			isa = PBXGroup;
			children = (
				3D153D131CBDE6F6006A5313 /* UploadImageRequest.h */,
				3D153D141CBDE6F6006A5313 /* UploadImageRequest.m */,
			);
			path = ImageUpload;
			sourceTree = "<group>";
		};
		3D153D221CBE1916006A5313 /* PhotoBrowser */ = {
			isa = PBXGroup;
			children = (
				3D153D231CBE193A006A5313 /* MBProgressHUD+Add.h */,
				3D153D241CBE193A006A5313 /* MBProgressHUD+Add.m */,
				3D153D251CBE193A006A5313 /* MJPhoto.h */,
				3D153D261CBE193A006A5313 /* MJPhoto.m */,
				3D153D271CBE193A006A5313 /* MJPhotoBrowser.bundle */,
				3D153D281CBE193A006A5313 /* MJPhotoBrowser.h */,
				3D153D291CBE193A006A5313 /* MJPhotoBrowser.m */,
				3D153D2A1CBE193A006A5313 /* MJPhotoLoadingView.h */,
				3D153D2B1CBE193A006A5313 /* MJPhotoLoadingView.m */,
				3D153D2C1CBE193A006A5313 /* MJPhotoProgressView.h */,
				3D153D2D1CBE193A006A5313 /* MJPhotoProgressView.m */,
				3D153D2E1CBE193A006A5313 /* MJPhotoToolbar.h */,
				3D153D2F1CBE193A006A5313 /* MJPhotoToolbar.m */,
				3D153D301CBE193A006A5313 /* MJPhotoView.h */,
				3D153D311CBE193A006A5313 /* MJPhotoView.m */,
			);
			path = PhotoBrowser;
			sourceTree = "<group>";
		};
		3D38FE8B1CBCF523001AF04F /* AddressPickerView */ = {
			isa = PBXGroup;
			children = (
				3D846D2A1CCDB1AD00FC7F7D /* area.plist */,
				3D38FE941CBCF547001AF04F /* AreaPlist.plist */,
				3D38FE8C1CBCF533001AF04F /* AreaObject.h */,
				3D38FE8D1CBCF533001AF04F /* AreaObject.m */,
				3D38FE8E1CBCF533001AF04F /* AddressChoicePickerView.h */,
				3D38FE8F1CBCF533001AF04F /* AddressChoicePickerView.m */,
				3D38FE901CBCF533001AF04F /* AddressChoicePickerView.xib */,
				3D846D2E1CCDEABC00FC7F7D /* AreaPickerView.h */,
				3D846D2F1CCDEABC00FC7F7D /* AreaPickerView.m */,
				3D846D331CCDED0000FC7F7D /* AreaPickerView.xib */,
			);
			path = AddressPickerView;
			sourceTree = "<group>";
		};
		3D4C1D091CC097AB00EF15B3 /* Housing */ = {
			isa = PBXGroup;
			children = (
				3D4C1D0A1CC097C900EF15B3 /* FetchHousingDetailRequest.h */,
				3D4C1D0B1CC097C900EF15B3 /* FetchHousingDetailRequest.m */,
				3DC334241CD2EE28007E483A /* FetchRecommendedHousingRequest.h */,
				3DC334251CD2EE28007E483A /* FetchRecommendedHousingRequest.m */,
				3DED4FBE1CD35CDE00B368C3 /* FetchHousingImagesRequest.h */,
				3DED4FBF1CD35CDE00B368C3 /* FetchHousingImagesRequest.m */,
				3DED4FC41CD479D700B368C3 /* HousingDeleteRequest.h */,
				3DED4FC51CD479D700B368C3 /* HousingDeleteRequest.m */,
				3DED4FC71CD4810200B368C3 /* HousingCollectRequest.h */,
				3DED4FC81CD4810200B368C3 /* HousingCollectRequest.m */,
				3DED4FCA1CD4815E00B368C3 /* HousingCancelCollectRequest.h */,
				3DED4FCB1CD4815E00B368C3 /* HousingCancelCollectRequest.m */,
				3DED4FD31CD75CAD00B368C3 /* SearchHousingRequest.h */,
				3DED4FD41CD75CAD00B368C3 /* SearchHousingRequest.m */,
				3DED4FDD1CD8881C00B368C3 /* MatchRequest.h */,
				3DED4FDE1CD8881C00B368C3 /* MatchRequest.m */,
				3DED4FEC1CD8A0D300B368C3 /* SendHousingRequest.h */,
				3DED4FED1CD8A0D300B368C3 /* SendHousingRequest.m */,
				3DED4FF21CD9DB5500B368C3 /* InviteRequest.h */,
				3DED4FF31CD9DB5500B368C3 /* InviteRequest.m */,
				3DED4FF51CD9DF6000B368C3 /* FetchBannerContentRequest.h */,
				3DED4FF61CD9DF6000B368C3 /* FetchBannerContentRequest.m */,
			);
			path = Housing;
			sourceTree = "<group>";
		};
		3D4C1D101CC0E27500EF15B3 /* Views */ = {
			isa = PBXGroup;
			children = (
				3D4C1D111CC0E29300EF15B3 /* MyHousingCell.h */,
				3D4C1D121CC0E29300EF15B3 /* MyHousingCell.m */,
			);
			path = Views;
			sourceTree = "<group>";
		};
		3D4C1D141CC46CED00EF15B3 /* Message */ = {
			isa = PBXGroup;
			children = (
				3D4C1D151CC46DB000EF15B3 /* FetchUnreadMessageQualityRequest.h */,
				3D4C1D161CC46DB000EF15B3 /* FetchUnreadMessageQualityRequest.m */,
				3D4C1D1C1CC486BA00EF15B3 /* FetchMessageListRequest.h */,
				3D4C1D1D1CC486BA00EF15B3 /* FetchMessageListRequest.m */,
				3D846D241CCDA48000FC7F7D /* FetchMessageDetailRequest.h */,
				3D846D251CCDA48100FC7F7D /* FetchMessageDetailRequest.m */,
				3D846D271CCDA66F00FC7F7D /* MessageDeleteRequest.h */,
				3D846D281CCDA66F00FC7F7D /* MessageDeleteRequest.m */,
			);
			path = Message;
			sourceTree = "<group>";
		};
		3D4C1D181CC4704D00EF15B3 /* Message */ = {
			isa = PBXGroup;
			children = (
				3D4C1D191CC4706500EF15B3 /* MessageModel.h */,
				3D4C1D1A1CC4706500EF15B3 /* MessageModel.m */,
			);
			path = Message;
			sourceTree = "<group>";
		};
		3D4C1D251CC4BDD800EF15B3 /* Search */ = {
			isa = PBXGroup;
			children = (
				3D846D351CCDFA5000FC7F7D /* Views */,
				3D4C1D261CC4BDE400EF15B3 /* SearchViewController.h */,
				3D4C1D271CC4BDE400EF15B3 /* SearchViewController.m */,
				3D4C1D291CC4BDF400EF15B3 /* Search.storyboard */,
			);
			path = Search;
			sourceTree = "<group>";
		};
		3D712B191C99B83600687ED9 /* Requests */ = {
			isa = PBXGroup;
			children = (
				3D4C1D141CC46CED00EF15B3 /* Message */,
				3D4C1D091CC097AB00EF15B3 /* Housing */,
				3D153D0F1CBDE57D006A5313 /* ImageUpload */,
				3D9162A81CBC8AE80032A28C /* Personal */,
				3D712B6B1C9C3C7400687ED9 /* Login */,
				3D712B501C9A8BAA00687ED9 /* BaseRequest */,
			);
			path = Requests;
			sourceTree = "<group>";
		};
		3D712B1B1C99B8D200687ED9 /* Features */ = {
			isa = PBXGroup;
			children = (
				3D4C1D251CC4BDD800EF15B3 /* Search */,
				3D712B2F1C9A7CC800687ED9 /* Main */,
				3D712B381C9A7CFA00687ED9 /* Homepage */,
				3D712B3B1C9A7D9000687ED9 /* Collection */,
				3D712B3A1C9A7D8600687ED9 /* Message */,
				3D712B391C9A7D7100687ED9 /* Personal */,
				3D712B5F1C9BAEB500687ED9 /* Login */,
			);
			path = Features;
			sourceTree = "<group>";
		};
		3D712B1C1C99B8EA00687ED9 /* Commons */ = {
			isa = PBXGroup;
			children = (
				3DED4FD91CD8710200B368C3 /* ColorTool */,
				3D38FE8B1CBCF523001AF04F /* AddressPickerView */,
				3D712B901CA195E900687ED9 /* TabBarExtension */,
				3D712B811C9E661000687ED9 /* XLKit */,
				3D712B681C9C3A7400687ED9 /* CommonsDefines.h */,
				3D712B691C9C3A7400687ED9 /* CommonsDefines.m */,
				3D153D161CBDF0DE006A5313 /* UIImage+ResizeMagick.m */,
				3D153D171CBDF0DE006A5313 /* UIImage+ResizeMagick.h */,
				3D712B8A1C9FACD900687ED9 /* Util.h */,
				3D712B8B1C9FACD900687ED9 /* Util.m */,
			);
			path = Commons;
			sourceTree = "<group>";
		};
		3D712B2F1C9A7CC800687ED9 /* Main */ = {
			isa = PBXGroup;
			children = (
				3D712B971CA1A6E600687ED9 /* Main.storyboard */,
				3D712B311C9A7CC800687ED9 /* MainViewController.h */,
				3D712B321C9A7CC800687ED9 /* MainViewController.m */,
			);
			path = Main;
			sourceTree = "<group>";
		};
		3D712B381C9A7CFA00687ED9 /* Homepage */ = {
			isa = PBXGroup;
			children = (
				3DC7DC471CAE198000D483B4 /* Views */,
				3D712B421C9A7DE400687ED9 /* Homepage.storyboard */,
				3D712B471C9A7F6E00687ED9 /* HomepageViewController.h */,
				3D712B481C9A7F6E00687ED9 /* HomepageViewController.m */,
				3DC7DC571CB0E0AD00D483B4 /* HousingDetailViewController.h */,
				3DC7DC581CB0E0AD00D483B4 /* HousingDetailViewController.m */,
				3DED4FD01CD4F78700B368C3 /* MatchingViewController.h */,
				3DED4FD11CD4F78700B368C3 /* MatchingViewController.m */,
				3DED4FE61CD88F5F00B368C3 /* MatchResultViewController.h */,
				3DED4FE71CD88F5F00B368C3 /* MatchResultViewController.m */,
			);
			path = Homepage;
			sourceTree = "<group>";
		};
		3D712B391C9A7D7100687ED9 /* Personal */ = {
			isa = PBXGroup;
			children = (
				3D4C1D101CC0E27500EF15B3 /* Views */,
				3DC7DC6A1CBA252500D483B4 /* PublishHousingViews */,
				3D712B401C9A7DD700687ED9 /* Personal.storyboard */,
				3D712B4D1C9A7F8B00687ED9 /* PersonalViewController.h */,
				3D712B4E1C9A7F8B00687ED9 /* PersonalViewController.m */,
				3DC7DC5A1CB4D17A00D483B4 /* SettingViewController.h */,
				3DC7DC5B1CB4D17A00D483B4 /* SettingViewController.m */,
				3DC7DC601CB4F45400D483B4 /* FeedbackViewController.h */,
				3DC7DC611CB4F45400D483B4 /* FeedbackViewController.m */,
				3DC7DC631CB75A2F00D483B4 /* InformationEditViewController.h */,
				3DC7DC641CB75A2F00D483B4 /* InformationEditViewController.m */,
				3D4C1D0D1CC0DD8100EF15B3 /* MyHousingViewController.h */,
				3D4C1D0E1CC0DD8100EF15B3 /* MyHousingViewController.m */,
				3DEE325C1CCF690000B1F1A0 /* HousingExpectationsViewController.h */,
				3DEE325D1CCF690000B1F1A0 /* HousingExpectationsViewController.m */,
				3DED4FEF1CD995DF00B368C3 /* UserCardViewController.h */,
				3DED4FF01CD995DF00B368C3 /* UserCardViewController.m */,
			);
			path = Personal;
			sourceTree = "<group>";
		};
		3D712B3A1C9A7D8600687ED9 /* Message */ = {
			isa = PBXGroup;
			children = (
				3DC7DC661CB8C1D000D483B4 /* Views */,
				3D712B3E1C9A7DBF00687ED9 /* Message.storyboard */,
				3D712B4A1C9A7F7900687ED9 /* MessageViewController.h */,
				3D712B4B1C9A7F7900687ED9 /* MessageViewController.m */,
				3DDA2B6D1CD0AB8400EB581F /* MessageDetailViewController.h */,
				3DDA2B6E1CD0AB8500EB581F /* MessageDetailViewController.m */,
			);
			path = Message;
			sourceTree = "<group>";
		};
		3D712B3B1C9A7D9000687ED9 /* Collection */ = {
			isa = PBXGroup;
			children = (
				3D712B3C1C9A7DB200687ED9 /* Collection.storyboard */,
				3D712B441C9A7F5900687ED9 /* CollectionViewController.h */,
				3D712B451C9A7F5900687ED9 /* CollectionViewController.m */,
			);
			path = Collection;
			sourceTree = "<group>";
		};
		3D712B501C9A8BAA00687ED9 /* BaseRequest */ = {
			isa = PBXGroup;
			children = (
				3D712B511C9A8BD500687ED9 /* RequestManager.h */,
				3D712B521C9A8BD500687ED9 /* RequestManager.m */,
				3D712B541C9A8E7100687ED9 /* RequestCacher.h */,
				3D712B551C9A8E7100687ED9 /* RequestCacher.m */,
				3D712B571C9A8EA200687ED9 /* BaseRequest.h */,
				3D712B581C9A8EA200687ED9 /* BaseRequest.m */,
			);
			path = BaseRequest;
			sourceTree = "<group>";
		};
		3D712B5F1C9BAEB500687ED9 /* Login */ = {
			isa = PBXGroup;
			children = (
				3D712B601C9BAEE600687ED9 /* Login.storyboard */,
				3D712B621C9BFF7300687ED9 /* LoginViewController.h */,
				3D712B631C9BFF7300687ED9 /* LoginViewController.m */,
				3D712B651C9BFF8C00687ED9 /* RegisterViewController.h */,
				3D712B661C9BFF8C00687ED9 /* RegisterViewController.m */,
				3D153D1C1CBE111B006A5313 /* FindPasswordViewController.h */,
				3D153D1D1CBE111B006A5313 /* FindPasswordViewController.m */,
			);
			path = Login;
			sourceTree = "<group>";
		};
		3D712B6B1C9C3C7400687ED9 /* Login */ = {
			isa = PBXGroup;
			children = (
				3D712B7A1C9DBBF000687ED9 /* LoginRequest.h */,
				3D712B7B1C9DBBF000687ED9 /* LoginRequest.m */,
				3D712B871C9FA82200687ED9 /* RegisterRequest.h */,
				3D712B881C9FA82200687ED9 /* RegisterRequest.m */,
				3D712B8D1CA03D3F00687ED9 /* GetCodeRequest.h */,
				3D712B8E1CA03D3F00687ED9 /* GetCodeRequest.m */,
				3D153D1F1CBE1710006A5313 /* FindPasswordRequest.h */,
				3D153D201CBE1710006A5313 /* FindPasswordRequest.m */,
			);
			path = Login;
			sourceTree = "<group>";
		};
		3D712B811C9E661000687ED9 /* XLKit */ = {
			isa = PBXGroup;
			children = (
				3D712B861C9E6BFD00687ED9 /* XLBlockAlert&ActionSheet */,
				3D712B821C9E662800687ED9 /* XLNoticeHelper */,
			);
			path = XLKit;
			sourceTree = "<group>";
		};
		3D712B821C9E662800687ED9 /* XLNoticeHelper */ = {
			isa = PBXGroup;
			children = (
				3D712B831C9E66CB00687ED9 /* XLNoticeHelper.h */,
				3D712B841C9E66CB00687ED9 /* XLNoticeHelper.m */,
			);
			path = XLNoticeHelper;
			sourceTree = "<group>";
		};
		3D712B861C9E6BFD00687ED9 /* XLBlockAlert&ActionSheet */ = {
			isa = PBXGroup;
			children = (
				3DC7DC5D1CB4E9E100D483B4 /* XLBlockAlertView.h */,
				3DC7DC5E1CB4E9E100D483B4 /* XLBlockAlertView.m */,
				3D38FE881CBCE8BB001AF04F /* XLBlockActionSheet.h */,
				3D38FE891CBCE8BB001AF04F /* XLBlockActionSheet.m */,
			);
			path = "XLBlockAlert&ActionSheet";
			sourceTree = "<group>";
		};
		3D712B901CA195E900687ED9 /* TabBarExtension */ = {
			isa = PBXGroup;
			children = (
				3D712BDE1CA1AE4900687ED9 /* XZMTabbarExtension.h */,
				3D712BDF1CA1AE4900687ED9 /* XZMTabbarExtension.m */,
			);
			path = TabBarExtension;
			sourceTree = "<group>";
		};
		3D846D351CCDFA5000FC7F7D /* Views */ = {
			isa = PBXGroup;
			children = (
				3DED4FD61CD7648900B368C3 /* SearchResultCell.h */,
				3DED4FD71CD7648900B368C3 /* SearchResultCell.m */,
			);
			path = Views;
			sourceTree = "<group>";
		};
		3D9162971CBC85680032A28C /* Model */ = {
			isa = PBXGroup;
			children = (
				3D4C1D181CC4704D00EF15B3 /* Message */,
				3D9162A41CBC85DB0032A28C /* Personal */,
				3D9162981CBC85A30032A28C /* BaseModel */,
				3D91629B1CBC85A30032A28C /* Homepage */,
				3D91629E1CBC85A30032A28C /* Login */,
			);
			path = Model;
			sourceTree = "<group>";
		};
		3D9162981CBC85A30032A28C /* BaseModel */ = {
			isa = PBXGroup;
			children = (
				3D9162991CBC85A30032A28C /* BaseModel.h */,
				3D91629A1CBC85A30032A28C /* BaseModel.m */,
				3D4C1D1F1CC4AAC500EF15B3 /* IndexReulstModel.h */,
				3D4C1D201CC4AAC500EF15B3 /* IndexReulstModel.m */,
			);
			path = BaseModel;
			sourceTree = "<group>";
		};
		3D91629B1CBC85A30032A28C /* Homepage */ = {
			isa = PBXGroup;
			children = (
				3D91629C1CBC85A30032A28C /* HousingModel.h */,
				3D91629D1CBC85A30032A28C /* HousingModel.m */,
			);
			path = Homepage;
			sourceTree = "<group>";
		};
		3D91629E1CBC85A30032A28C /* Login */ = {
			isa = PBXGroup;
			children = (
				3D91629F1CBC85A30032A28C /* LoginModel.h */,
				3D9162A01CBC85A30032A28C /* LoginModel.m */,
			);
			path = Login;
			sourceTree = "<group>";
		};
		3D9162A41CBC85DB0032A28C /* Personal */ = {
			isa = PBXGroup;
			children = (
				3D9162A51CBC85EF0032A28C /* PersonalModel.h */,
				3D9162A61CBC85EF0032A28C /* PersonalModel.m */,
				3DED4FE01CD88A2000B368C3 /* UserModel.h */,
				3DED4FE11CD88A2000B368C3 /* UserModel.m */,
			);
			path = Personal;
			sourceTree = "<group>";
		};
		3D9162A81CBC8AE80032A28C /* Personal */ = {
			isa = PBXGroup;
			children = (
				3D9162A91CBC8AFF0032A28C /* FetchUserInformationRequest.h */,
				3D9162AA1CBC8AFF0032A28C /* FetchUserInformationRequest.m */,
				3D153D191CBDF7E0006A5313 /* ModifyInformationRequest.h */,
				3D153D1A1CBDF7E0006A5313 /* ModifyInformationRequest.m */,
				3DC334271CD2F892007E483A /* FetchMyHousingRequest.h */,
				3DC334281CD2F892007E483A /* FetchMyHousingRequest.m */,
				3DED4FC11CD44D9C00B368C3 /* FeedbackRequest.h */,
				3DED4FC21CD44D9C00B368C3 /* FeedbackRequest.m */,
				3DED4FCD1CD4877E00B368C3 /* FetchMyCollectionRequest.h */,
				3DED4FCE1CD4877E00B368C3 /* FetchMyCollectionRequest.m */,
				3DED4FE31CD88C6500B368C3 /* FetchUserCardRequest.h */,
				3DED4FE41CD88C6500B368C3 /* FetchUserCardRequest.m */,
			);
			path = Personal;
			sourceTree = "<group>";
		};
		3DC7DC471CAE198000D483B4 /* Views */ = {
			isa = PBXGroup;
			children = (
				3DC7DC481CAE19D900D483B4 /* HousingResourceCell.h */,
				3DC7DC491CAE19D900D483B4 /* HousingResourceCell.m */,
				3D4C1D001CC08B6E00EF15B3 /* HousingTitleCell.h */,
				3D4C1D011CC08B6E00EF15B3 /* HousingTitleCell.m */,
				3D4C1D031CC08BB200EF15B3 /* HousingSituationCell.h */,
				3D4C1D041CC08BB200EF15B3 /* HousingSituationCell.m */,
				3D4C1D061CC08BDB00EF15B3 /* HousingFacilityCell.h */,
				3D4C1D071CC08BDB00EF15B3 /* HousingFacilityCell.m */,
				3DED4FE91CD8939900B368C3 /* MatchResultCell.h */,
				3DED4FEA1CD8939900B368C3 /* MatchResultCell.m */,
			);
			path = Views;
			sourceTree = "<group>";
		};
		3DC7DC661CB8C1D000D483B4 /* Views */ = {
			isa = PBXGroup;
			children = (
				3DC7DC671CB8C1EC00D483B4 /* SystemMessageCell.h */,
				3DC7DC681CB8C1EC00D483B4 /* SystemMessageCell.m */,
			);
			path = Views;
			sourceTree = "<group>";
		};
		3DC7DC6A1CBA252500D483B4 /* PublishHousingViews */ = {
			isa = PBXGroup;
			children = (
				3DC7DC6B1CBA255E00D483B4 /* ChooseHousingTypeViewController.h */,
				3DC7DC6C1CBA255E00D483B4 /* ChooseHousingTypeViewController.m */,
				3DC7DC6E1CBA383B00D483B4 /* FixHousingStyleViewController.h */,
				3DC7DC6F1CBA383B00D483B4 /* FixHousingStyleViewController.m */,
				3D153D3A1CBE23F0006A5313 /* HousingFacilitiesViewController.h */,
				3D153D3B1CBE23F0006A5313 /* HousingFacilitiesViewController.m */,
				3D153D3D1CBF2F92006A5313 /* HousingAddressAndPriceViewController.h */,
				3D153D3E1CBF2F92006A5313 /* HousingAddressAndPriceViewController.m */,
				3D153D431CBF3FA4006A5313 /* HousingAddressChooseViewController.h */,
				3D153D441CBF3FA4006A5313 /* HousingAddressChooseViewController.m */,
				3D153D481CBF665B006A5313 /* HousingPictureAndContentViewController.h */,
				3D153D491CBF665B006A5313 /* HousingPictureAndContentViewController.m */,
			);
			path = PublishHousingViews;
			sourceTree = "<group>";
		};
		3DDD8B9D1C99258100C7296A = {
			isa = PBXGroup;
			children = (
				3DDD8BA81C99258100C7296A /* MiYo */,
				3DDD8BC21C99258100C7296A /* MiYoTests */,
				3DDD8BCD1C99258200C7296A /* MiYoUITests */,
				3DDD8BA71C99258100C7296A /* Products */,
				03BAA54629D8D0AECAC2FCF3 /* Pods */,
				31004756D496A1B94A0FD55E /* Frameworks */,
			);
			sourceTree = "<group>";
		};
		3DDD8BA71C99258100C7296A /* Products */ = {
			isa = PBXGroup;
			children = (
				3DDD8BA61C99258100C7296A /* MiYo.app */,
				3DDD8BBF1C99258100C7296A /* MiYoTests.xctest */,
				3DDD8BCA1C99258200C7296A /* MiYoUITests.xctest */,
			);
			name = Products;
			sourceTree = "<group>";
		};
		3DDD8BA81C99258100C7296A /* MiYo */ = {
			isa = PBXGroup;
			children = (
				3D153D221CBE1916006A5313 /* PhotoBrowser */,
				3D712B191C99B83600687ED9 /* Requests */,
				3D9162971CBC85680032A28C /* Model */,
				3D712B1C1C99B8EA00687ED9 /* Commons */,
				3D712B1B1C99B8D200687ED9 /* Features */,
				3DDD8BAC1C99258100C7296A /* AppDelegate.h */,
				3DDD8BAD1C99258100C7296A /* AppDelegate.m */,
				3DDD8BB51C99258100C7296A /* Assets.xcassets */,
				3DDD8BBA1C99258100C7296A /* Info.plist */,
				3DDD8BA91C99258100C7296A /* Supporting Files */,
			);
			path = MiYo;
			sourceTree = "<group>";
		};
		3DDD8BA91C99258100C7296A /* Supporting Files */ = {
			isa = PBXGroup;
			children = (
				3DDD8BAA1C99258100C7296A /* main.m */,
			);
			name = "Supporting Files";
			sourceTree = "<group>";
		};
		3DDD8BC21C99258100C7296A /* MiYoTests */ = {
			isa = PBXGroup;
			children = (
				3DDD8BC31C99258100C7296A /* MiYoTests.m */,
				3DDD8BC51C99258200C7296A /* Info.plist */,
			);
			path = MiYoTests;
			sourceTree = "<group>";
		};
		3DDD8BCD1C99258200C7296A /* MiYoUITests */ = {
			isa = PBXGroup;
			children = (
				3DDD8BCE1C99258200C7296A /* MiYoUITests.m */,
				3DDD8BD01C99258200C7296A /* Info.plist */,
			);
			path = MiYoUITests;
			sourceTree = "<group>";
		};
		3DED4FD91CD8710200B368C3 /* ColorTool */ = {
			isa = PBXGroup;
			children = (
				3DED4FDA1CD8710D00B368C3 /* RBColorTool.m */,
				3DED4FDB1CD8710D00B368C3 /* RBColorTool.h */,
			);
			path = ColorTool;
			sourceTree = "<group>";
		};
/* End PBXGroup section */

/* Begin PBXNativeTarget section */
		3DDD8BA51C99258100C7296A /* MiYo */ = {
			isa = PBXNativeTarget;
			buildConfigurationList = 3DDD8BD31C99258200C7296A /* Build configuration list for PBXNativeTarget "MiYo" */;
			buildPhases = (
				B39B0FD344F180CCD37FD573 /* Check Pods Manifest.lock */,
				3DDD8BA21C99258100C7296A /* Sources */,
				3DDD8BA31C99258100C7296A /* Frameworks */,
				3DDD8BA41C99258100C7296A /* Resources */,
				0929354325EF68A9F9DB6015 /* Embed Pods Frameworks */,
				7AA186CADDE5C8EBC83D4C71 /* Copy Pods Resources */,
			);
			buildRules = (
			);
			dependencies = (
			);
			name = MiYo;
			productName = MiYo;
			productReference = 3DDD8BA61C99258100C7296A /* MiYo.app */;
			productType = "com.apple.product-type.application";
		};
		3DDD8BBE1C99258100C7296A /* MiYoTests */ = {
			isa = PBXNativeTarget;
			buildConfigurationList = 3DDD8BD61C99258200C7296A /* Build configuration list for PBXNativeTarget "MiYoTests" */;
			buildPhases = (
				3DDD8BBB1C99258100C7296A /* Sources */,
				3DDD8BBC1C99258100C7296A /* Frameworks */,
				3DDD8BBD1C99258100C7296A /* Resources */,
			);
			buildRules = (
			);
			dependencies = (
				3DDD8BC11C99258100C7296A /* PBXTargetDependency */,
			);
			name = MiYoTests;
			productName = MiYoTests;
			productReference = 3DDD8BBF1C99258100C7296A /* MiYoTests.xctest */;
			productType = "com.apple.product-type.bundle.unit-test";
		};
		3DDD8BC91C99258200C7296A /* MiYoUITests */ = {
			isa = PBXNativeTarget;
			buildConfigurationList = 3DDD8BD91C99258200C7296A /* Build configuration list for PBXNativeTarget "MiYoUITests" */;
			buildPhases = (
				3DDD8BC61C99258200C7296A /* Sources */,
				3DDD8BC71C99258200C7296A /* Frameworks */,
				3DDD8BC81C99258200C7296A /* Resources */,
			);
			buildRules = (
			);
			dependencies = (
				3DDD8BCC1C99258200C7296A /* PBXTargetDependency */,
			);
			name = MiYoUITests;
			productName = MiYoUITests;
			productReference = 3DDD8BCA1C99258200C7296A /* MiYoUITests.xctest */;
			productType = "com.apple.product-type.bundle.ui-testing";
		};
/* End PBXNativeTarget section */

/* Begin PBXProject section */
		3DDD8B9E1C99258100C7296A /* Project object */ = {
			isa = PBXProject;
			attributes = {
				LastUpgradeCheck = 0720;
				ORGANIZATIONNAME = "项小盆友";
				TargetAttributes = {
					3DDD8BA51C99258100C7296A = {
						CreatedOnToolsVersion = 7.2.1;
						DevelopmentTeam = C95TAS9X9V;
					};
					3DDD8BBE1C99258100C7296A = {
						CreatedOnToolsVersion = 7.2.1;
						TestTargetID = 3DDD8BA51C99258100C7296A;
					};
					3DDD8BC91C99258200C7296A = {
						CreatedOnToolsVersion = 7.2.1;
						TestTargetID = 3DDD8BA51C99258100C7296A;
					};
				};
			};
			buildConfigurationList = 3DDD8BA11C99258100C7296A /* Build configuration list for PBXProject "MiYo" */;
			compatibilityVersion = "Xcode 3.2";
			developmentRegion = English;
			hasScannedForEncodings = 0;
			knownRegions = (
				en,
				Base,
			);
			mainGroup = 3DDD8B9D1C99258100C7296A;
			productRefGroup = 3DDD8BA71C99258100C7296A /* Products */;
			projectDirPath = "";
			projectRoot = "";
			targets = (
				3DDD8BA51C99258100C7296A /* MiYo */,
				3DDD8BBE1C99258100C7296A /* MiYoTests */,
				3DDD8BC91C99258200C7296A /* MiYoUITests */,
			);
		};
/* End PBXProject section */

/* Begin PBXResourcesBuildPhase section */
		3DDD8BA41C99258100C7296A /* Resources */ = {
			isa = PBXResourcesBuildPhase;
			buildActionMask = 2147483647;
			files = (
				3D712B611C9BAEE600687ED9 /* Login.storyboard in Resources */,
				3D712B411C9A7DD700687ED9 /* Personal.storyboard in Resources */,
				3D38FE951CBCF547001AF04F /* AreaPlist.plist in Resources */,
				3D846D341CCDED0000FC7F7D /* AreaPickerView.xib in Resources */,
				3D712B3D1C9A7DB200687ED9 /* Collection.storyboard in Resources */,
				3D153D341CBE193A006A5313 /* MJPhotoBrowser.bundle in Resources */,
				3D846D2B1CCDB1AD00FC7F7D /* area.plist in Resources */,
				3D712B981CA1A6E600687ED9 /* Main.storyboard in Resources */,
				3D712B3F1C9A7DBF00687ED9 /* Message.storyboard in Resources */,
				3DDD8BB61C99258100C7296A /* Assets.xcassets in Resources */,
				3D712B431C9A7DE400687ED9 /* Homepage.storyboard in Resources */,
				3D4C1D2A1CC4BDF400EF15B3 /* Search.storyboard in Resources */,
				3D38FE931CBCF533001AF04F /* AddressChoicePickerView.xib in Resources */,
			);
			runOnlyForDeploymentPostprocessing = 0;
		};
		3DDD8BBD1C99258100C7296A /* Resources */ = {
			isa = PBXResourcesBuildPhase;
			buildActionMask = 2147483647;
			files = (
			);
			runOnlyForDeploymentPostprocessing = 0;
		};
		3DDD8BC81C99258200C7296A /* Resources */ = {
			isa = PBXResourcesBuildPhase;
			buildActionMask = 2147483647;
			files = (
			);
			runOnlyForDeploymentPostprocessing = 0;
		};
/* End PBXResourcesBuildPhase section */

/* Begin PBXShellScriptBuildPhase section */
		0929354325EF68A9F9DB6015 /* Embed Pods Frameworks */ = {
			isa = PBXShellScriptBuildPhase;
			buildActionMask = 2147483647;
			files = (
			);
			inputPaths = (
			);
			name = "Embed Pods Frameworks";
			outputPaths = (
			);
			runOnlyForDeploymentPostprocessing = 0;
			shellPath = /bin/sh;
			shellScript = "\"${SRCROOT}/Pods/Target Support Files/Pods-MiYo/Pods-MiYo-frameworks.sh\"\n";
			showEnvVarsInLog = 0;
		};
		7AA186CADDE5C8EBC83D4C71 /* Copy Pods Resources */ = {
			isa = PBXShellScriptBuildPhase;
			buildActionMask = 2147483647;
			files = (
			);
			inputPaths = (
			);
			name = "Copy Pods Resources";
			outputPaths = (
			);
			runOnlyForDeploymentPostprocessing = 0;
			shellPath = /bin/sh;
			shellScript = "\"${SRCROOT}/Pods/Target Support Files/Pods-MiYo/Pods-MiYo-resources.sh\"\n";
			showEnvVarsInLog = 0;
		};
		B39B0FD344F180CCD37FD573 /* Check Pods Manifest.lock */ = {
			isa = PBXShellScriptBuildPhase;
			buildActionMask = 2147483647;
			files = (
			);
			inputPaths = (
			);
			name = "Check Pods Manifest.lock";
			outputPaths = (
			);
			runOnlyForDeploymentPostprocessing = 0;
			shellPath = /bin/sh;
			shellScript = "diff \"${PODS_ROOT}/../Podfile.lock\" \"${PODS_ROOT}/Manifest.lock\" > /dev/null\nif [[ $? != 0 ]] ; then\n    cat << EOM\nerror: The sandbox is not in sync with the Podfile.lock. Run 'pod install' or update your CocoaPods installation.\nEOM\n    exit 1\nfi\n";
			showEnvVarsInLog = 0;
		};
/* End PBXShellScriptBuildPhase section */

/* Begin PBXSourcesBuildPhase section */
		3DDD8BA21C99258100C7296A /* Sources */ = {
			isa = PBXSourcesBuildPhase;
			buildActionMask = 2147483647;
			files = (
				3DED4FD21CD4F78700B368C3 /* MatchingViewController.m in Sources */,
				3D712B4C1C9A7F7900687ED9 /* MessageViewController.m in Sources */,
				3D153D321CBE193A006A5313 /* MBProgressHUD+Add.m in Sources */,
				3DC7DC5F1CB4E9E100D483B4 /* XLBlockAlertView.m in Sources */,
				3D38FE921CBCF533001AF04F /* AddressChoicePickerView.m in Sources */,
				3DED4FE51CD88C6500B368C3 /* FetchUserCardRequest.m in Sources */,
				3DEE325E1CCF690000B1F1A0 /* HousingExpectationsViewController.m in Sources */,
				3D153D391CBE193A006A5313 /* MJPhotoView.m in Sources */,
				3DED4FD51CD75CAD00B368C3 /* SearchHousingRequest.m in Sources */,
				3DC7DC4A1CAE19D900D483B4 /* HousingResourceCell.m in Sources */,
				3DDA2B6F1CD0AB8500EB581F /* MessageDetailViewController.m in Sources */,
				3DC7DC701CBA383B00D483B4 /* FixHousingStyleViewController.m in Sources */,
				3D712B561C9A8E7100687ED9 /* RequestCacher.m in Sources */,
				3D846D291CCDA66F00FC7F7D /* MessageDeleteRequest.m in Sources */,
				3D153D361CBE193A006A5313 /* MJPhotoLoadingView.m in Sources */,
				3D4C1D0C1CC097C900EF15B3 /* FetchHousingDetailRequest.m in Sources */,
				3D712B591C9A8EA200687ED9 /* BaseRequest.m in Sources */,
				3DED4FEB1CD8939900B368C3 /* MatchResultCell.m in Sources */,
				3DED4FF41CD9DB5500B368C3 /* InviteRequest.m in Sources */,
				3D38FE911CBCF533001AF04F /* AreaObject.m in Sources */,
				3D4C1D021CC08B6E00EF15B3 /* HousingTitleCell.m in Sources */,
				3D4C1D281CC4BDE400EF15B3 /* SearchViewController.m in Sources */,
				3D4C1D051CC08BB200EF15B3 /* HousingSituationCell.m in Sources */,
				3D712B4F1C9A7F8B00687ED9 /* PersonalViewController.m in Sources */,
				3D9162A31CBC85A30032A28C /* LoginModel.m in Sources */,
				3DED4FD81CD7648900B368C3 /* SearchResultCell.m in Sources */,
				3DED4FC91CD4810200B368C3 /* HousingCollectRequest.m in Sources */,
				3D153D4A1CBF665B006A5313 /* HousingPictureAndContentViewController.m in Sources */,
				3DED4FCF1CD4877E00B368C3 /* FetchMyCollectionRequest.m in Sources */,
				3DC7DC621CB4F45400D483B4 /* FeedbackViewController.m in Sources */,
				3D153D451CBF3FA4006A5313 /* HousingAddressChooseViewController.m in Sources */,
				3DC7DC6D1CBA255E00D483B4 /* ChooseHousingTypeViewController.m in Sources */,
				3DED4FC61CD479D700B368C3 /* HousingDeleteRequest.m in Sources */,
				3D712B461C9A7F5900687ED9 /* CollectionViewController.m in Sources */,
				3D9162AB1CBC8AFF0032A28C /* FetchUserInformationRequest.m in Sources */,
				3DED4FC31CD44D9C00B368C3 /* FeedbackRequest.m in Sources */,
				3D712B8F1CA03D3F00687ED9 /* GetCodeRequest.m in Sources */,
				3D153D371CBE193A006A5313 /* MJPhotoProgressView.m in Sources */,
				3D38FE8A1CBCE8BB001AF04F /* XLBlockActionSheet.m in Sources */,
				3D712BE01CA1AE4900687ED9 /* XZMTabbarExtension.m in Sources */,
				3D153D1B1CBDF7E0006A5313 /* ModifyInformationRequest.m in Sources */,
				3D4C1D0F1CC0DD8100EF15B3 /* MyHousingViewController.m in Sources */,
				3DDD8BAE1C99258100C7296A /* AppDelegate.m in Sources */,
				3DED4FF11CD995DF00B368C3 /* UserCardViewController.m in Sources */,
				3D712B891C9FA82200687ED9 /* RegisterRequest.m in Sources */,
				3DED4FC01CD35CDE00B368C3 /* FetchHousingImagesRequest.m in Sources */,
				3D153D181CBDF0DE006A5313 /* UIImage+ResizeMagick.m in Sources */,
				3D712B491C9A7F6E00687ED9 /* HomepageViewController.m in Sources */,
				3DC334291CD2F892007E483A /* FetchMyHousingRequest.m in Sources */,
				3D846D261CCDA48100FC7F7D /* FetchMessageDetailRequest.m in Sources */,
				3DC7DC691CB8C1EC00D483B4 /* SystemMessageCell.m in Sources */,
				3D4C1D131CC0E29300EF15B3 /* MyHousingCell.m in Sources */,
				3DED4FDF1CD8881C00B368C3 /* MatchRequest.m in Sources */,
				3DED4FEE1CD8A0D300B368C3 /* SendHousingRequest.m in Sources */,
				3DC7DC5C1CB4D17A00D483B4 /* SettingViewController.m in Sources */,
				3D153D331CBE193A006A5313 /* MJPhoto.m in Sources */,
				3D712B851C9E66CB00687ED9 /* XLNoticeHelper.m in Sources */,
				3D712B641C9BFF7300687ED9 /* LoginViewController.m in Sources */,
				3D846D301CCDEABC00FC7F7D /* AreaPickerView.m in Sources */,
				3D153D1E1CBE111B006A5313 /* FindPasswordViewController.m in Sources */,
				3D712B6A1C9C3A7400687ED9 /* CommonsDefines.m in Sources */,
				3D153D381CBE193A006A5313 /* MJPhotoToolbar.m in Sources */,
				3D712B7C1C9DBBF000687ED9 /* LoginRequest.m in Sources */,
				3DC7DC651CB75A2F00D483B4 /* InformationEditViewController.m in Sources */,
				3D9162A11CBC85A30032A28C /* BaseModel.m in Sources */,
				3DED4FE81CD88F5F00B368C3 /* MatchResultViewController.m in Sources */,
				3D153D211CBE1710006A5313 /* FindPasswordRequest.m in Sources */,
				3D4C1D211CC4AAC500EF15B3 /* IndexReulstModel.m in Sources */,
				3D712B671C9BFF8C00687ED9 /* RegisterViewController.m in Sources */,
				3DDD8BAB1C99258100C7296A /* main.m in Sources */,
				3DED4FF71CD9DF6000B368C3 /* FetchBannerContentRequest.m in Sources */,
				3D4C1D1B1CC4706500EF15B3 /* MessageModel.m in Sources */,
				3D712B361C9A7CC800687ED9 /* MainViewController.m in Sources */,
				3DED4FCC1CD4815E00B368C3 /* HousingCancelCollectRequest.m in Sources */,
				3D712B8C1C9FACD900687ED9 /* Util.m in Sources */,
				3D9162A21CBC85A30032A28C /* HousingModel.m in Sources */,
				3D153D3C1CBE23F0006A5313 /* HousingFacilitiesViewController.m in Sources */,
				3DED4FE21CD88A2000B368C3 /* UserModel.m in Sources */,
				3D712B531C9A8BD500687ED9 /* RequestManager.m in Sources */,
				3D4C1D081CC08BDB00EF15B3 /* HousingFacilityCell.m in Sources */,
				3D4C1D171CC46DB000EF15B3 /* FetchUnreadMessageQualityRequest.m in Sources */,
				3D4C1D1E1CC486BA00EF15B3 /* FetchMessageListRequest.m in Sources */,
				3DED4FDC1CD8710D00B368C3 /* RBColorTool.m in Sources */,
				3DC334261CD2EE28007E483A /* FetchRecommendedHousingRequest.m in Sources */,
				3D153D3F1CBF2F92006A5313 /* HousingAddressAndPriceViewController.m in Sources */,
				3D153D351CBE193A006A5313 /* MJPhotoBrowser.m in Sources */,
				3DC7DC591CB0E0AD00D483B4 /* HousingDetailViewController.m in Sources */,
				3D153D151CBDE6F6006A5313 /* UploadImageRequest.m in Sources */,
				3D9162A71CBC85EF0032A28C /* PersonalModel.m in Sources */,
			);
			runOnlyForDeploymentPostprocessing = 0;
		};
		3DDD8BBB1C99258100C7296A /* Sources */ = {
			isa = PBXSourcesBuildPhase;
			buildActionMask = 2147483647;
			files = (
				3DDD8BC41C99258100C7296A /* MiYoTests.m in Sources */,
			);
			runOnlyForDeploymentPostprocessing = 0;
		};
		3DDD8BC61C99258200C7296A /* Sources */ = {
			isa = PBXSourcesBuildPhase;
			buildActionMask = 2147483647;
			files = (
				3DDD8BCF1C99258200C7296A /* MiYoUITests.m in Sources */,
			);
			runOnlyForDeploymentPostprocessing = 0;
		};
/* End PBXSourcesBuildPhase section */

/* Begin PBXTargetDependency section */
		3DDD8BC11C99258100C7296A /* PBXTargetDependency */ = {
			isa = PBXTargetDependency;
			target = 3DDD8BA51C99258100C7296A /* MiYo */;
			targetProxy = 3DDD8BC01C99258100C7296A /* PBXContainerItemProxy */;
		};
		3DDD8BCC1C99258200C7296A /* PBXTargetDependency */ = {
			isa = PBXTargetDependency;
			target = 3DDD8BA51C99258100C7296A /* MiYo */;
			targetProxy = 3DDD8BCB1C99258200C7296A /* PBXContainerItemProxy */;
		};
/* End PBXTargetDependency section */

/* Begin XCBuildConfiguration section */
		3DDD8BD11C99258200C7296A /* Debug */ = {
			isa = XCBuildConfiguration;
			buildSettings = {
				ALWAYS_SEARCH_USER_PATHS = NO;
				CLANG_CXX_LANGUAGE_STANDARD = "gnu++0x";
				CLANG_CXX_LIBRARY = "libc++";
				CLANG_ENABLE_MODULES = YES;
				CLANG_ENABLE_OBJC_ARC = YES;
				CLANG_WARN_BOOL_CONVERSION = YES;
				CLANG_WARN_CONSTANT_CONVERSION = YES;
				CLANG_WARN_DIRECT_OBJC_ISA_USAGE = YES_ERROR;
				CLANG_WARN_EMPTY_BODY = YES;
				CLANG_WARN_ENUM_CONVERSION = YES;
				CLANG_WARN_INT_CONVERSION = YES;
				CLANG_WARN_OBJC_ROOT_CLASS = YES_ERROR;
				CLANG_WARN_UNREACHABLE_CODE = YES;
				CLANG_WARN__DUPLICATE_METHOD_MATCH = YES;
				"CODE_SIGN_IDENTITY[sdk=iphoneos*]" = "iPhone Developer";
				COPY_PHASE_STRIP = NO;
				DEBUG_INFORMATION_FORMAT = dwarf;
				ENABLE_STRICT_OBJC_MSGSEND = YES;
				ENABLE_TESTABILITY = YES;
				GCC_C_LANGUAGE_STANDARD = gnu99;
				GCC_DYNAMIC_NO_PIC = NO;
				GCC_NO_COMMON_BLOCKS = YES;
				GCC_OPTIMIZATION_LEVEL = 0;
				GCC_PREPROCESSOR_DEFINITIONS = (
					"DEBUG=1",
					"$(inherited)",
				);
				GCC_WARN_64_TO_32_BIT_CONVERSION = YES;
				GCC_WARN_ABOUT_RETURN_TYPE = YES_ERROR;
				GCC_WARN_UNDECLARED_SELECTOR = YES;
				GCC_WARN_UNINITIALIZED_AUTOS = YES_AGGRESSIVE;
				GCC_WARN_UNUSED_FUNCTION = YES;
				GCC_WARN_UNUSED_VARIABLE = YES;
				IPHONEOS_DEPLOYMENT_TARGET = 9.2;
				MTL_ENABLE_DEBUG_INFO = YES;
				ONLY_ACTIVE_ARCH = YES;
				SDKROOT = iphoneos;
				TARGETED_DEVICE_FAMILY = "1,2";
			};
			name = Debug;
		};
		3DDD8BD21C99258200C7296A /* Release */ = {
			isa = XCBuildConfiguration;
			buildSettings = {
				ALWAYS_SEARCH_USER_PATHS = NO;
				CLANG_CXX_LANGUAGE_STANDARD = "gnu++0x";
				CLANG_CXX_LIBRARY = "libc++";
				CLANG_ENABLE_MODULES = YES;
				CLANG_ENABLE_OBJC_ARC = YES;
				CLANG_WARN_BOOL_CONVERSION = YES;
				CLANG_WARN_CONSTANT_CONVERSION = YES;
				CLANG_WARN_DIRECT_OBJC_ISA_USAGE = YES_ERROR;
				CLANG_WARN_EMPTY_BODY = YES;
				CLANG_WARN_ENUM_CONVERSION = YES;
				CLANG_WARN_INT_CONVERSION = YES;
				CLANG_WARN_OBJC_ROOT_CLASS = YES_ERROR;
				CLANG_WARN_UNREACHABLE_CODE = YES;
				CLANG_WARN__DUPLICATE_METHOD_MATCH = YES;
				"CODE_SIGN_IDENTITY[sdk=iphoneos*]" = "iPhone Developer";
				COPY_PHASE_STRIP = NO;
				DEBUG_INFORMATION_FORMAT = "dwarf-with-dsym";
				ENABLE_NS_ASSERTIONS = NO;
				ENABLE_STRICT_OBJC_MSGSEND = YES;
				GCC_C_LANGUAGE_STANDARD = gnu99;
				GCC_NO_COMMON_BLOCKS = YES;
				GCC_WARN_64_TO_32_BIT_CONVERSION = YES;
				GCC_WARN_ABOUT_RETURN_TYPE = YES_ERROR;
				GCC_WARN_UNDECLARED_SELECTOR = YES;
				GCC_WARN_UNINITIALIZED_AUTOS = YES_AGGRESSIVE;
				GCC_WARN_UNUSED_FUNCTION = YES;
				GCC_WARN_UNUSED_VARIABLE = YES;
				IPHONEOS_DEPLOYMENT_TARGET = 9.2;
				MTL_ENABLE_DEBUG_INFO = NO;
				SDKROOT = iphoneos;
				TARGETED_DEVICE_FAMILY = "1,2";
				VALIDATE_PRODUCT = YES;
			};
			name = Release;
		};
		3DDD8BD41C99258200C7296A /* Debug */ = {
			isa = XCBuildConfiguration;
			baseConfigurationReference = 0A85385FF1E9EE51935FA343 /* Pods-MiYo.debug.xcconfig */;
			buildSettings = {
				ASSETCATALOG_COMPILER_APPICON_NAME = AppIcon;
				ASSETCATALOG_COMPILER_LAUNCHIMAGE_NAME = LaunchImage1;
				CODE_SIGN_IDENTITY = "iPhone Developer: tao zheng (TWYUAHQ9GJ)";
				"CODE_SIGN_IDENTITY[sdk=iphoneos*]" = "iPhone Developer";
				INFOPLIST_FILE = MiYo/Info.plist;
				IPHONEOS_DEPLOYMENT_TARGET = 8.0;
				LD_RUNPATH_SEARCH_PATHS = "$(inherited) @executable_path/Frameworks";
				PRODUCT_BUNDLE_IDENTIFIER = com.SuKe.SuKe;
				PRODUCT_NAME = "$(TARGET_NAME)";
				PROVISIONING_PROFILE = "643d74de-a58b-4421-b3c0-1b99c66e46eb";
				TARGETED_DEVICE_FAMILY = 1;
			};
			name = Debug;
		};
		3DDD8BD51C99258200C7296A /* Release */ = {
			isa = XCBuildConfiguration;
			baseConfigurationReference = A7EDB2E5F18E711773AAE029 /* Pods-MiYo.release.xcconfig */;
			buildSettings = {
				ASSETCATALOG_COMPILER_APPICON_NAME = AppIcon;
				ASSETCATALOG_COMPILER_LAUNCHIMAGE_NAME = LaunchImage1;
				CODE_SIGN_IDENTITY = "iPhone Developer: tao zheng (TWYUAHQ9GJ)";
				"CODE_SIGN_IDENTITY[sdk=iphoneos*]" = "iPhone Developer";
				INFOPLIST_FILE = MiYo/Info.plist;
				IPHONEOS_DEPLOYMENT_TARGET = 8.0;
				LD_RUNPATH_SEARCH_PATHS = "$(inherited) @executable_path/Frameworks";
				PRODUCT_BUNDLE_IDENTIFIER = com.SuKe.SuKe;
				PRODUCT_NAME = "$(TARGET_NAME)";
				PROVISIONING_PROFILE = "643d74de-a58b-4421-b3c0-1b99c66e46eb";
				TARGETED_DEVICE_FAMILY = 1;
			};
			name = Release;
		};
		3DDD8BD71C99258200C7296A /* Debug */ = {
			isa = XCBuildConfiguration;
			buildSettings = {
				BUNDLE_LOADER = "$(TEST_HOST)";
				INFOPLIST_FILE = MiYoTests/Info.plist;
				LD_RUNPATH_SEARCH_PATHS = "$(inherited) @executable_path/Frameworks @loader_path/Frameworks";
				PRODUCT_BUNDLE_IDENTIFIER = com.xiang.MiYo.MiYoTests;
				PRODUCT_NAME = "$(TARGET_NAME)";
				TEST_HOST = "$(BUILT_PRODUCTS_DIR)/MiYo.app/MiYo";
			};
			name = Debug;
		};
		3DDD8BD81C99258200C7296A /* Release */ = {
			isa = XCBuildConfiguration;
			buildSettings = {
				BUNDLE_LOADER = "$(TEST_HOST)";
				INFOPLIST_FILE = MiYoTests/Info.plist;
				LD_RUNPATH_SEARCH_PATHS = "$(inherited) @executable_path/Frameworks @loader_path/Frameworks";
				PRODUCT_BUNDLE_IDENTIFIER = com.xiang.MiYo.MiYoTests;
				PRODUCT_NAME = "$(TARGET_NAME)";
				TEST_HOST = "$(BUILT_PRODUCTS_DIR)/MiYo.app/MiYo";
			};
			name = Release;
		};
		3DDD8BDA1C99258200C7296A /* Debug */ = {
			isa = XCBuildConfiguration;
			buildSettings = {
				INFOPLIST_FILE = MiYoUITests/Info.plist;
				LD_RUNPATH_SEARCH_PATHS = "$(inherited) @executable_path/Frameworks @loader_path/Frameworks";
				PRODUCT_BUNDLE_IDENTIFIER = com.xiang.MiYo.MiYoUITests;
				PRODUCT_NAME = "$(TARGET_NAME)";
				TEST_TARGET_NAME = MiYo;
				USES_XCTRUNNER = YES;
			};
			name = Debug;
		};
		3DDD8BDB1C99258200C7296A /* Release */ = {
			isa = XCBuildConfiguration;
			buildSettings = {
				INFOPLIST_FILE = MiYoUITests/Info.plist;
				LD_RUNPATH_SEARCH_PATHS = "$(inherited) @executable_path/Frameworks @loader_path/Frameworks";
				PRODUCT_BUNDLE_IDENTIFIER = com.xiang.MiYo.MiYoUITests;
				PRODUCT_NAME = "$(TARGET_NAME)";
				TEST_TARGET_NAME = MiYo;
				USES_XCTRUNNER = YES;
			};
			name = Release;
		};
/* End XCBuildConfiguration section */

/* Begin XCConfigurationList section */
		3DDD8BA11C99258100C7296A /* Build configuration list for PBXProject "MiYo" */ = {
			isa = XCConfigurationList;
			buildConfigurations = (
				3DDD8BD11C99258200C7296A /* Debug */,
				3DDD8BD21C99258200C7296A /* Release */,
			);
			defaultConfigurationIsVisible = 0;
			defaultConfigurationName = Release;
		};
		3DDD8BD31C99258200C7296A /* Build configuration list for PBXNativeTarget "MiYo" */ = {
			isa = XCConfigurationList;
			buildConfigurations = (
				3DDD8BD41C99258200C7296A /* Debug */,
				3DDD8BD51C99258200C7296A /* Release */,
			);
			defaultConfigurationIsVisible = 0;
			defaultConfigurationName = Release;
		};
		3DDD8BD61C99258200C7296A /* Build configuration list for PBXNativeTarget "MiYoTests" */ = {
			isa = XCConfigurationList;
			buildConfigurations = (
				3DDD8BD71C99258200C7296A /* Debug */,
				3DDD8BD81C99258200C7296A /* Release */,
			);
			defaultConfigurationIsVisible = 0;
			defaultConfigurationName = Release;
		};
		3DDD8BD91C99258200C7296A /* Build configuration list for PBXNativeTarget "MiYoUITests" */ = {
			isa = XCConfigurationList;
			buildConfigurations = (
				3DDD8BDA1C99258200C7296A /* Debug */,
				3DDD8BDB1C99258200C7296A /* Release */,
			);
			defaultConfigurationIsVisible = 0;
			defaultConfigurationName = Release;
		};
/* End XCConfigurationList section */
	};
	rootObject = 3DDD8B9E1C99258100C7296A /* Project object */;
}
