// !$*UTF8*$!
{
	archiveVersion = 1;
	classes = {
	};
	objectVersion = 46;
	objects = {

/* Begin PBXBuildFile section */
		3D712B211C99BA8B00687ED9 /* ViewController.m in Sources */ = {isa = PBXBuildFile; fileRef = 3D712B201C99BA8B00687ED9 /* ViewController.m */; };
		3D712B231C99BA9900687ED9 /* Main.storyboard in Resources */ = {isa = PBXBuildFile; fileRef = 3D712B221C99BA9900687ED9 /* Main.storyboard */; };
		3DDD8BAB1C99258100C7296A /* main.m in Sources */ = {isa = PBXBuildFile; fileRef = 3DDD8BAA1C99258100C7296A /* main.m */; };
		3DDD8BAE1C99258100C7296A /* AppDelegate.m in Sources */ = {isa = PBXBuildFile; fileRef = 3DDD8BAD1C99258100C7296A /* AppDelegate.m */; };
		3DDD8BB61C99258100C7296A /* Assets.xcassets in Resources */ = {isa = PBXBuildFile; fileRef = 3DDD8BB51C99258100C7296A /* Assets.xcassets */; };
		3DDD8BB91C99258100C7296A /* LaunchScreen.storyboard in Resources */ = {isa = PBXBuildFile; fileRef = 3DDD8BB71C99258100C7296A /* LaunchScreen.storyboard */; };
		3DDD8BC41C99258100C7296A /* MiYoTests.m in Sources */ = {isa = PBXBuildFile; fileRef = 3DDD8BC31C99258100C7296A /* MiYoTests.m */; };
		3DDD8BCF1C99258200C7296A /* MiYoUITests.m in Sources */ = {isa = PBXBuildFile; fileRef = 3DDD8BCE1C99258200C7296A /* MiYoUITests.m */; };
/* End PBXBuildFile section */

/* Begin PBXContainerItemProxy section */
		3DDD8BC01C99258100C7296A /* PBXContainerItemProxy */ = {
			isa = PBXContainerItemProxy;
			containerPortal = 3DDD8B9E1C99258100C7296A /* Project object */;
			proxyType = 1;
			remoteGlobalIDString = 3DDD8BA51C99258100C7296A;
			remoteInfo = MiYo;
		};
		3DDD8BCB1C99258200C7296A /* PBXContainerItemProxy */ = {
			isa = PBXContainerItemProxy;
			containerPortal = 3DDD8B9E1C99258100C7296A /* Project object */;
			proxyType = 1;
			remoteGlobalIDString = 3DDD8BA51C99258100C7296A;
			remoteInfo = MiYo;
		};
/* End PBXContainerItemProxy section */

/* Begin PBXFileReference section */
		3D712B1F1C99BA8B00687ED9 /* ViewController.h */ = {isa = PBXFileReference; fileEncoding = 4; lastKnownFileType = sourcecode.c.h; path = ViewController.h; sourceTree = "<group>"; };
		3D712B201C99BA8B00687ED9 /* ViewController.m */ = {isa = PBXFileReference; fileEncoding = 4; lastKnownFileType = sourcecode.c.objc; path = ViewController.m; sourceTree = "<group>"; };
		3D712B221C99BA9900687ED9 /* Main.storyboard */ = {isa = PBXFileReference; fileEncoding = 4; lastKnownFileType = file.storyboard; path = Main.storyboard; sourceTree = "<group>"; };
		3DDD8BA61C99258100C7296A /* MiYo.app */ = {isa = PBXFileReference; explicitFileType = wrapper.application; includeInIndex = 0; path = MiYo.app; sourceTree = BUILT_PRODUCTS_DIR; };
		3DDD8BAA1C99258100C7296A /* main.m */ = {isa = PBXFileReference; lastKnownFileType = sourcecode.c.objc; path = main.m; sourceTree = "<group>"; };
		3DDD8BAC1C99258100C7296A /* AppDelegate.h */ = {isa = PBXFileReference; lastKnownFileType = sourcecode.c.h; path = AppDelegate.h; sourceTree = "<group>"; };
		3DDD8BAD1C99258100C7296A /* AppDelegate.m */ = {isa = PBXFileReference; lastKnownFileType = sourcecode.c.objc; path = AppDelegate.m; sourceTree = "<group>"; };
		3DDD8BB51C99258100C7296A /* Assets.xcassets */ = {isa = PBXFileReference; lastKnownFileType = folder.assetcatalog; path = Assets.xcassets; sourceTree = "<group>"; };
		3DDD8BB81C99258100C7296A /* Base */ = {isa = PBXFileReference; lastKnownFileType = file.storyboard; name = Base; path = Base.lproj/LaunchScreen.storyboard; sourceTree = "<group>"; };
		3DDD8BBA1C99258100C7296A /* Info.plist */ = {isa = PBXFileReference; lastKnownFileType = text.plist.xml; path = Info.plist; sourceTree = "<group>"; };
		3DDD8BBF1C99258100C7296A /* MiYoTests.xctest */ = {isa = PBXFileReference; explicitFileType = wrapper.cfbundle; includeInIndex = 0; path = MiYoTests.xctest; sourceTree = BUILT_PRODUCTS_DIR; };
		3DDD8BC31C99258100C7296A /* MiYoTests.m */ = {isa = PBXFileReference; lastKnownFileType = sourcecode.c.objc; path = MiYoTests.m; sourceTree = "<group>"; };
		3DDD8BC51C99258200C7296A /* Info.plist */ = {isa = PBXFileReference; lastKnownFileType = text.plist.xml; path = Info.plist; sourceTree = "<group>"; };
		3DDD8BCA1C99258200C7296A /* MiYoUITests.xctest */ = {isa = PBXFileReference; explicitFileType = wrapper.cfbundle; includeInIndex = 0; path = MiYoUITests.xctest; sourceTree = BUILT_PRODUCTS_DIR; };
		3DDD8BCE1C99258200C7296A /* MiYoUITests.m */ = {isa = PBXFileReference; lastKnownFileType = sourcecode.c.objc; path = MiYoUITests.m; sourceTree = "<group>"; };
		3DDD8BD01C99258200C7296A /* Info.plist */ = {isa = PBXFileReference; lastKnownFileType = text.plist.xml; path = Info.plist; sourceTree = "<group>"; };
/* End PBXFileReference section */

/* Begin PBXFrameworksBuildPhase section */
		3DDD8BA31C99258100C7296A /* Frameworks */ = {
			isa = PBXFrameworksBuildPhase;
			buildActionMask = 2147483647;
			files = (
			);
			runOnlyForDeploymentPostprocessing = 0;
		};
		3DDD8BBC1C99258100C7296A /* Frameworks */ = {
			isa = PBXFrameworksBuildPhase;
			buildActionMask = 2147483647;
			files = (
			);
			runOnlyForDeploymentPostprocessing = 0;
		};
		3DDD8BC71C99258200C7296A /* Frameworks */ = {
			isa = PBXFrameworksBuildPhase;
			buildActionMask = 2147483647;
			files = (
			);
			runOnlyForDeploymentPostprocessing = 0;
		};
/* End PBXFrameworksBuildPhase section */

/* Begin PBXGroup section */
		3D712B191C99B83600687ED9 /* Requests */ = {
			isa = PBXGroup;
			children = (
			);
			path = Requests;
			sourceTree = "<group>";
		};
		3D712B1A1C99B89100687ED9 /* Models */ = {
			isa = PBXGroup;
			children = (
			);
			name = Models;
			path = Requests/Models;
			sourceTree = "<group>";
		};
		3D712B1B1C99B8D200687ED9 /* Features */ = {
			isa = PBXGroup;
			children = (
				3D712B1E1C99B96A00687ED9 /* Homepage */,
			);
			path = Features;
			sourceTree = "<group>";
		};
		3D712B1C1C99B8EA00687ED9 /* Commons */ = {
			isa = PBXGroup;
			children = (
			);
			path = Commons;
			sourceTree = "<group>";
		};
		3D712B1E1C99B96A00687ED9 /* Homepage */ = {
			isa = PBXGroup;
			children = (
				3D712B221C99BA9900687ED9 /* Main.storyboard */,
				3D712B1F1C99BA8B00687ED9 /* ViewController.h */,
				3D712B201C99BA8B00687ED9 /* ViewController.m */,
			);
			path = Homepage;
			sourceTree = "<group>";
		};
		3DDD8B9D1C99258100C7296A = {
			isa = PBXGroup;
			children = (
				3DDD8BA81C99258100C7296A /* MiYo */,
				3DDD8BC21C99258100C7296A /* MiYoTests */,
				3DDD8BCD1C99258200C7296A /* MiYoUITests */,
				3DDD8BA71C99258100C7296A /* Products */,
			);
			sourceTree = "<group>";
		};
		3DDD8BA71C99258100C7296A /* Products */ = {
			isa = PBXGroup;
			children = (
				3DDD8BA61C99258100C7296A /* MiYo.app */,
				3DDD8BBF1C99258100C7296A /* MiYoTests.xctest */,
				3DDD8BCA1C99258200C7296A /* MiYoUITests.xctest */,
			);
			name = Products;
			sourceTree = "<group>";
		};
		3DDD8BA81C99258100C7296A /* MiYo */ = {
			isa = PBXGroup;
			children = (
				3D712B1C1C99B8EA00687ED9 /* Commons */,
				3D712B1B1C99B8D200687ED9 /* Features */,
				3D712B1A1C99B89100687ED9 /* Models */,
				3D712B191C99B83600687ED9 /* Requests */,
				3DDD8BAC1C99258100C7296A /* AppDelegate.h */,
				3DDD8BAD1C99258100C7296A /* AppDelegate.m */,
				3DDD8BB51C99258100C7296A /* Assets.xcassets */,
				3DDD8BBA1C99258100C7296A /* Info.plist */,
				3DDD8BB71C99258100C7296A /* LaunchScreen.storyboard */,
				3DDD8BA91C99258100C7296A /* Supporting Files */,
			);
			path = MiYo;
			sourceTree = "<group>";
		};
		3DDD8BA91C99258100C7296A /* Supporting Files */ = {
			isa = PBXGroup;
			children = (
				3DDD8BAA1C99258100C7296A /* main.m */,
			);
			name = "Supporting Files";
			sourceTree = "<group>";
		};
		3DDD8BC21C99258100C7296A /* MiYoTests */ = {
			isa = PBXGroup;
			children = (
				3DDD8BC31C99258100C7296A /* MiYoTests.m */,
				3DDD8BC51C99258200C7296A /* Info.plist */,
			);
			path = MiYoTests;
			sourceTree = "<group>";
		};
		3DDD8BCD1C99258200C7296A /* MiYoUITests */ = {
			isa = PBXGroup;
			children = (
				3DDD8BCE1C99258200C7296A /* MiYoUITests.m */,
				3DDD8BD01C99258200C7296A /* Info.plist */,
			);
			path = MiYoUITests;
			sourceTree = "<group>";
		};
/* End PBXGroup section */

/* Begin PBXNativeTarget section */
		3DDD8BA51C99258100C7296A /* MiYo */ = {
			isa = PBXNativeTarget;
			buildConfigurationList = 3DDD8BD31C99258200C7296A /* Build configuration list for PBXNativeTarget "MiYo" */;
			buildPhases = (
				3DDD8BA21C99258100C7296A /* Sources */,
				3DDD8BA31C99258100C7296A /* Frameworks */,
				3DDD8BA41C99258100C7296A /* Resources */,
			);
			buildRules = (
			);
			dependencies = (
			);
			name = MiYo;
			productName = MiYo;
			productReference = 3DDD8BA61C99258100C7296A /* MiYo.app */;
			productType = "com.apple.product-type.application";
		};
		3DDD8BBE1C99258100C7296A /* MiYoTests */ = {
			isa = PBXNativeTarget;
			buildConfigurationList = 3DDD8BD61C99258200C7296A /* Build configuration list for PBXNativeTarget "MiYoTests" */;
			buildPhases = (
				3DDD8BBB1C99258100C7296A /* Sources */,
				3DDD8BBC1C99258100C7296A /* Frameworks */,
				3DDD8BBD1C99258100C7296A /* Resources */,
			);
			buildRules = (
			);
			dependencies = (
				3DDD8BC11C99258100C7296A /* PBXTargetDependency */,
			);
			name = MiYoTests;
			productName = MiYoTests;
			productReference = 3DDD8BBF1C99258100C7296A /* MiYoTests.xctest */;
			productType = "com.apple.product-type.bundle.unit-test";
		};
		3DDD8BC91C99258200C7296A /* MiYoUITests */ = {
			isa = PBXNativeTarget;
			buildConfigurationList = 3DDD8BD91C99258200C7296A /* Build configuration list for PBXNativeTarget "MiYoUITests" */;
			buildPhases = (
				3DDD8BC61C99258200C7296A /* Sources */,
				3DDD8BC71C99258200C7296A /* Frameworks */,
				3DDD8BC81C99258200C7296A /* Resources */,
			);
			buildRules = (
			);
			dependencies = (
				3DDD8BCC1C99258200C7296A /* PBXTargetDependency */,
			);
			name = MiYoUITests;
			productName = MiYoUITests;
			productReference = 3DDD8BCA1C99258200C7296A /* MiYoUITests.xctest */;
			productType = "com.apple.product-type.bundle.ui-testing";
		};
/* End PBXNativeTarget section */

/* Begin PBXProject section */
		3DDD8B9E1C99258100C7296A /* Project object */ = {
			isa = PBXProject;
			attributes = {
				LastUpgradeCheck = 0720;
				ORGANIZATIONNAME = "项小盆友";
				TargetAttributes = {
					3DDD8BA51C99258100C7296A = {
						CreatedOnToolsVersion = 7.2.1;
					};
					3DDD8BBE1C99258100C7296A = {
						CreatedOnToolsVersion = 7.2.1;
						TestTargetID = 3DDD8BA51C99258100C7296A;
					};
					3DDD8BC91C99258200C7296A = {
						CreatedOnToolsVersion = 7.2.1;
						TestTargetID = 3DDD8BA51C99258100C7296A;
					};
				};
			};
			buildConfigurationList = 3DDD8BA11C99258100C7296A /* Build configuration list for PBXProject "MiYo" */;
			compatibilityVersion = "Xcode 3.2";
			developmentRegion = English;
			hasScannedForEncodings = 0;
			knownRegions = (
				en,
				Base,
			);
			mainGroup = 3DDD8B9D1C99258100C7296A;
			productRefGroup = 3DDD8BA71C99258100C7296A /* Products */;
			projectDirPath = "";
			projectRoot = "";
			targets = (
				3DDD8BA51C99258100C7296A /* MiYo */,
				3DDD8BBE1C99258100C7296A /* MiYoTests */,
				3DDD8BC91C99258200C7296A /* MiYoUITests */,
			);
		};
/* End PBXProject section */

/* Begin PBXResourcesBuildPhase section */
		3DDD8BA41C99258100C7296A /* Resources */ = {
			isa = PBXResourcesBuildPhase;
			buildActionMask = 2147483647;
			files = (
				3DDD8BB91C99258100C7296A /* LaunchScreen.storyboard in Resources */,
				3DDD8BB61C99258100C7296A /* Assets.xcassets in Resources */,
				3D712B231C99BA9900687ED9 /* Main.storyboard in Resources */,
			);
			runOnlyForDeploymentPostprocessing = 0;
		};
		3DDD8BBD1C99258100C7296A /* Resources */ = {
			isa = PBXResourcesBuildPhase;
			buildActionMask = 2147483647;
			files = (
			);
			runOnlyForDeploymentPostprocessing = 0;
		};
		3DDD8BC81C99258200C7296A /* Resources */ = {
			isa = PBXResourcesBuildPhase;
			buildActionMask = 2147483647;
			files = (
			);
			runOnlyForDeploymentPostprocessing = 0;
		};
/* End PBXResourcesBuildPhase section */

/* Begin PBXSourcesBuildPhase section */
		3DDD8BA21C99258100C7296A /* Sources */ = {
			isa = PBXSourcesBuildPhase;
			buildActionMask = 2147483647;
			files = (
				3DDD8BAE1C99258100C7296A /* AppDelegate.m in Sources */,
				3D712B211C99BA8B00687ED9 /* ViewController.m in Sources */,
				3DDD8BAB1C99258100C7296A /* main.m in Sources */,
			);
			runOnlyForDeploymentPostprocessing = 0;
		};
		3DDD8BBB1C99258100C7296A /* Sources */ = {
			isa = PBXSourcesBuildPhase;
			buildActionMask = 2147483647;
			files = (
				3DDD8BC41C99258100C7296A /* MiYoTests.m in Sources */,
			);
			runOnlyForDeploymentPostprocessing = 0;
		};
		3DDD8BC61C99258200C7296A /* Sources */ = {
			isa = PBXSourcesBuildPhase;
			buildActionMask = 2147483647;
			files = (
				3DDD8BCF1C99258200C7296A /* MiYoUITests.m in Sources */,
			);
			runOnlyForDeploymentPostprocessing = 0;
		};
/* End PBXSourcesBuildPhase section */

/* Begin PBXTargetDependency section */
		3DDD8BC11C99258100C7296A /* PBXTargetDependency */ = {
			isa = PBXTargetDependency;
			target = 3DDD8BA51C99258100C7296A /* MiYo */;
			targetProxy = 3DDD8BC01C99258100C7296A /* PBXContainerItemProxy */;
		};
		3DDD8BCC1C99258200C7296A /* PBXTargetDependency */ = {
			isa = PBXTargetDependency;
			target = 3DDD8BA51C99258100C7296A /* MiYo */;
			targetProxy = 3DDD8BCB1C99258200C7296A /* PBXContainerItemProxy */;
		};
/* End PBXTargetDependency section */

/* Begin PBXVariantGroup section */
		3DDD8BB71C99258100C7296A /* LaunchScreen.storyboard */ = {
			isa = PBXVariantGroup;
			children = (
				3DDD8BB81C99258100C7296A /* Base */,
			);
			name = LaunchScreen.storyboard;
			sourceTree = "<group>";
		};
/* End PBXVariantGroup section */

/* Begin XCBuildConfiguration section */
		3DDD8BD11C99258200C7296A /* Debug */ = {
			isa = XCBuildConfiguration;
			buildSettings = {
				ALWAYS_SEARCH_USER_PATHS = NO;
				CLANG_CXX_LANGUAGE_STANDARD = "gnu++0x";
				CLANG_CXX_LIBRARY = "libc++";
				CLANG_ENABLE_MODULES = YES;
				CLANG_ENABLE_OBJC_ARC = YES;
				CLANG_WARN_BOOL_CONVERSION = YES;
				CLANG_WARN_CONSTANT_CONVERSION = YES;
				CLANG_WARN_DIRECT_OBJC_ISA_USAGE = YES_ERROR;
				CLANG_WARN_EMPTY_BODY = YES;
				CLANG_WARN_ENUM_CONVERSION = YES;
				CLANG_WARN_INT_CONVERSION = YES;
				CLANG_WARN_OBJC_ROOT_CLASS = YES_ERROR;
				CLANG_WARN_UNREACHABLE_CODE = YES;
				CLANG_WARN__DUPLICATE_METHOD_MATCH = YES;
				"CODE_SIGN_IDENTITY[sdk=iphoneos*]" = "iPhone Developer";
				COPY_PHASE_STRIP = NO;
				DEBUG_INFORMATION_FORMAT = dwarf;
				ENABLE_STRICT_OBJC_MSGSEND = YES;
				ENABLE_TESTABILITY = YES;
				GCC_C_LANGUAGE_STANDARD = gnu99;
				GCC_DYNAMIC_NO_PIC = NO;
				GCC_NO_COMMON_BLOCKS = YES;
				GCC_OPTIMIZATION_LEVEL = 0;
				GCC_PREPROCESSOR_DEFINITIONS = (
					"DEBUG=1",
					"$(inherited)",
				);
				GCC_WARN_64_TO_32_BIT_CONVERSION = YES;
				GCC_WARN_ABOUT_RETURN_TYPE = YES_ERROR;
				GCC_WARN_UNDECLARED_SELECTOR = YES;
				GCC_WARN_UNINITIALIZED_AUTOS = YES_AGGRESSIVE;
				GCC_WARN_UNUSED_FUNCTION = YES;
				GCC_WARN_UNUSED_VARIABLE = YES;
				IPHONEOS_DEPLOYMENT_TARGET = 9.2;
				MTL_ENABLE_DEBUG_INFO = YES;
				ONLY_ACTIVE_ARCH = YES;
				SDKROOT = iphoneos;
				TARGETED_DEVICE_FAMILY = "1,2";
			};
			name = Debug;
		};
		3DDD8BD21C99258200C7296A /* Release */ = {
			isa = XCBuildConfiguration;
			buildSettings = {
				ALWAYS_SEARCH_USER_PATHS = NO;
				CLANG_CXX_LANGUAGE_STANDARD = "gnu++0x";
				CLANG_CXX_LIBRARY = "libc++";
				CLANG_ENABLE_MODULES = YES;
				CLANG_ENABLE_OBJC_ARC = YES;
				CLANG_WARN_BOOL_CONVERSION = YES;
				CLANG_WARN_CONSTANT_CONVERSION = YES;
				CLANG_WARN_DIRECT_OBJC_ISA_USAGE = YES_ERROR;
				CLANG_WARN_EMPTY_BODY = YES;
				CLANG_WARN_ENUM_CONVERSION = YES;
				CLANG_WARN_INT_CONVERSION = YES;
				CLANG_WARN_OBJC_ROOT_CLASS = YES_ERROR;
				CLANG_WARN_UNREACHABLE_CODE = YES;
				CLANG_WARN__DUPLICATE_METHOD_MATCH = YES;
				"CODE_SIGN_IDENTITY[sdk=iphoneos*]" = "iPhone Developer";
				COPY_PHASE_STRIP = NO;
				DEBUG_INFORMATION_FORMAT = "dwarf-with-dsym";
				ENABLE_NS_ASSERTIONS = NO;
				ENABLE_STRICT_OBJC_MSGSEND = YES;
				GCC_C_LANGUAGE_STANDARD = gnu99;
				GCC_NO_COMMON_BLOCKS = YES;
				GCC_WARN_64_TO_32_BIT_CONVERSION = YES;
				GCC_WARN_ABOUT_RETURN_TYPE = YES_ERROR;
				GCC_WARN_UNDECLARED_SELECTOR = YES;
				GCC_WARN_UNINITIALIZED_AUTOS = YES_AGGRESSIVE;
				GCC_WARN_UNUSED_FUNCTION = YES;
				GCC_WARN_UNUSED_VARIABLE = YES;
				IPHONEOS_DEPLOYMENT_TARGET = 9.2;
				MTL_ENABLE_DEBUG_INFO = NO;
				SDKROOT = iphoneos;
				TARGETED_DEVICE_FAMILY = "1,2";
				VALIDATE_PRODUCT = YES;
			};
			name = Release;
		};
		3DDD8BD41C99258200C7296A /* Debug */ = {
			isa = XCBuildConfiguration;
			buildSettings = {
				ASSETCATALOG_COMPILER_APPICON_NAME = AppIcon;
				INFOPLIST_FILE = MiYo/Info.plist;
				LD_RUNPATH_SEARCH_PATHS = "$(inherited) @executable_path/Frameworks";
				PRODUCT_BUNDLE_IDENTIFIER = com.xiang.MiYo;
				PRODUCT_NAME = "$(TARGET_NAME)";
			};
			name = Debug;
		};
		3DDD8BD51C99258200C7296A /* Release */ = {
			isa = XCBuildConfiguration;
			buildSettings = {
				ASSETCATALOG_COMPILER_APPICON_NAME = AppIcon;
				INFOPLIST_FILE = MiYo/Info.plist;
				LD_RUNPATH_SEARCH_PATHS = "$(inherited) @executable_path/Frameworks";
				PRODUCT_BUNDLE_IDENTIFIER = com.xiang.MiYo;
				PRODUCT_NAME = "$(TARGET_NAME)";
			};
			name = Release;
		};
		3DDD8BD71C99258200C7296A /* Debug */ = {
			isa = XCBuildConfiguration;
			buildSettings = {
				BUNDLE_LOADER = "$(TEST_HOST)";
				INFOPLIST_FILE = MiYoTests/Info.plist;
				LD_RUNPATH_SEARCH_PATHS = "$(inherited) @executable_path/Frameworks @loader_path/Frameworks";
				PRODUCT_BUNDLE_IDENTIFIER = com.xiang.MiYo.MiYoTests;
				PRODUCT_NAME = "$(TARGET_NAME)";
				TEST_HOST = "$(BUILT_PRODUCTS_DIR)/MiYo.app/MiYo";
			};
			name = Debug;
		};
		3DDD8BD81C99258200C7296A /* Release */ = {
			isa = XCBuildConfiguration;
			buildSettings = {
				BUNDLE_LOADER = "$(TEST_HOST)";
				INFOPLIST_FILE = MiYoTests/Info.plist;
				LD_RUNPATH_SEARCH_PATHS = "$(inherited) @executable_path/Frameworks @loader_path/Frameworks";
				PRODUCT_BUNDLE_IDENTIFIER = com.xiang.MiYo.MiYoTests;
				PRODUCT_NAME = "$(TARGET_NAME)";
				TEST_HOST = "$(BUILT_PRODUCTS_DIR)/MiYo.app/MiYo";
			};
			name = Release;
		};
		3DDD8BDA1C99258200C7296A /* Debug */ = {
			isa = XCBuildConfiguration;
			buildSettings = {
				INFOPLIST_FILE = MiYoUITests/Info.plist;
				LD_RUNPATH_SEARCH_PATHS = "$(inherited) @executable_path/Frameworks @loader_path/Frameworks";
				PRODUCT_BUNDLE_IDENTIFIER = com.xiang.MiYo.MiYoUITests;
				PRODUCT_NAME = "$(TARGET_NAME)";
				TEST_TARGET_NAME = MiYo;
				USES_XCTRUNNER = YES;
			};
			name = Debug;
		};
		3DDD8BDB1C99258200C7296A /* Release */ = {
			isa = XCBuildConfiguration;
			buildSettings = {
				INFOPLIST_FILE = MiYoUITests/Info.plist;
				LD_RUNPATH_SEARCH_PATHS = "$(inherited) @executable_path/Frameworks @loader_path/Frameworks";
				PRODUCT_BUNDLE_IDENTIFIER = com.xiang.MiYo.MiYoUITests;
				PRODUCT_NAME = "$(TARGET_NAME)";
				TEST_TARGET_NAME = MiYo;
				USES_XCTRUNNER = YES;
			};
			name = Release;
		};
/* End XCBuildConfiguration section */

/* Begin XCConfigurationList section */
		3DDD8BA11C99258100C7296A /* Build configuration list for PBXProject "MiYo" */ = {
			isa = XCConfigurationList;
			buildConfigurations = (
				3DDD8BD11C99258200C7296A /* Debug */,
				3DDD8BD21C99258200C7296A /* Release */,
			);
			defaultConfigurationIsVisible = 0;
			defaultConfigurationName = Release;
		};
		3DDD8BD31C99258200C7296A /* Build configuration list for PBXNativeTarget "MiYo" */ = {
			isa = XCConfigurationList;
			buildConfigurations = (
				3DDD8BD41C99258200C7296A /* Debug */,
				3DDD8BD51C99258200C7296A /* Release */,
			);
			defaultConfigurationIsVisible = 0;
			defaultConfigurationName = Release;
		};
		3DDD8BD61C99258200C7296A /* Build configuration list for PBXNativeTarget "MiYoTests" */ = {
			isa = XCConfigurationList;
			buildConfigurations = (
				3DDD8BD71C99258200C7296A /* Debug */,
				3DDD8BD81C99258200C7296A /* Release */,
			);
			defaultConfigurationIsVisible = 0;
			defaultConfigurationName = Release;
		};
		3DDD8BD91C99258200C7296A /* Build configuration list for PBXNativeTarget "MiYoUITests" */ = {
			isa = XCConfigurationList;
			buildConfigurations = (
				3DDD8BDA1C99258200C7296A /* Debug */,
				3DDD8BDB1C99258200C7296A /* Release */,
			);
			defaultConfigurationIsVisible = 0;
			defaultConfigurationName = Release;
		};
/* End XCConfigurationList section */
	};
	rootObject = 3DDD8B9E1C99258100C7296A /* Project object */;
}
